// !$*UTF8*$!
{
	archiveVersion = 1;
	classes = {
	};
	objectVersion = 46;
	objects = {

/* Begin PBXBuildFile section */
		0A2E7DF3156849C0F0DCA208 /* ofxAssimpMeshHelper.cpp in Sources */ = {isa = PBXBuildFile; fileRef = C40D18898F51C6E4A9C2A7EA /* ofxAssimpMeshHelper.cpp */; };
		101B63C0A0ABC9A070367D66 /* ofxButton.cpp in Sources */ = {isa = PBXBuildFile; fileRef = 9B9ECC2022EF78B79DAF5A05 /* ofxButton.cpp */; };
		11032A9C7B676D6BDC5EBCA5 /* ofx3dModelLoader.cpp in Sources */ = {isa = PBXBuildFile; fileRef = A255E89B5F8EA5E82751141A /* ofx3dModelLoader.cpp */; };
		166689985CC986E7FA80B075 /* ofxBaseGui.cpp in Sources */ = {isa = PBXBuildFile; fileRef = FA000F829584842052F45A42 /* ofxBaseGui.cpp */; };
		2103EA9B1A9698CA005FCC2D /* ofAnimatedImage.cpp in Sources */ = {isa = PBXBuildFile; fileRef = 2103EA991A9698CA005FCC2D /* ofAnimatedImage.cpp */; };
		2103EA9E1A9BCAEA005FCC2D /* ofSlideTitle.cpp in Sources */ = {isa = PBXBuildFile; fileRef = 2103EA9C1A9BCAEA005FCC2D /* ofSlideTitle.cpp */; };
		2103EAA21A9BE6B4005FCC2D /* ofxBlurShader.cpp in Sources */ = {isa = PBXBuildFile; fileRef = 2103EAA01A9BE6B4005FCC2D /* ofxBlurShader.cpp */; };
		2103EAAD1A9BE999005FCC2D /* ofxAnimatable.cpp in Sources */ = {isa = PBXBuildFile; fileRef = 2103EAA51A9BE999005FCC2D /* ofxAnimatable.cpp */; };
		2103EAAE1A9BE999005FCC2D /* ofxAnimatableFloat.cpp in Sources */ = {isa = PBXBuildFile; fileRef = 2103EAA71A9BE999005FCC2D /* ofxAnimatableFloat.cpp */; };
		2103EAAF1A9BE999005FCC2D /* ofxAnimatableOfColor.cpp in Sources */ = {isa = PBXBuildFile; fileRef = 2103EAA91A9BE999005FCC2D /* ofxAnimatableOfColor.cpp */; };
		2103EAB01A9BE999005FCC2D /* ofxAnimatableOfPoint.cpp in Sources */ = {isa = PBXBuildFile; fileRef = 2103EAAB1A9BE999005FCC2D /* ofxAnimatableOfPoint.cpp */; };
		21508EC61A93C32800C2D8CE /* ofSniffer.cpp in Sources */ = {isa = PBXBuildFile; fileRef = 21508EC41A93C32800C2D8CE /* ofSniffer.cpp */; };
		21ADB2621A9D143B0056B5C6 /* ofSlideImage.cpp in Sources */ = {isa = PBXBuildFile; fileRef = 21ADB2601A9D143B0056B5C6 /* ofSlideImage.cpp */; };
		21AF49991A9F2D8100C09948 /* ofSlide.cpp in Sources */ = {isa = PBXBuildFile; fileRef = 21AF49981A9F2D8100C09948 /* ofSlide.cpp */; };
		21AF499C1A9F2EE100C09948 /* ofSlideManager.cpp in Sources */ = {isa = PBXBuildFile; fileRef = 21AF499A1A9F2EE100C09948 /* ofSlideManager.cpp */; };
		21AF49C11AA35A3200C09948 /* 02.png in Copy Files */ = {isa = PBXBuildFile; fileRef = 21AF49BA1AA35A3200C09948 /* 02.png */; };
		21AF49C21AA35A3200C09948 /* 03.png in Copy Files */ = {isa = PBXBuildFile; fileRef = 21AF49BB1AA35A3200C09948 /* 03.png */; };
		21AF49C31AA35A3200C09948 /* 04.png in Copy Files */ = {isa = PBXBuildFile; fileRef = 21AF49BC1AA35A3200C09948 /* 04.png */; };
		21AF49C41AA35A3200C09948 /* 05.png in Copy Files */ = {isa = PBXBuildFile; fileRef = 21AF49BD1AA35A3200C09948 /* 05.png */; };
		21AF49C51AA35A3200C09948 /* 06.png in Copy Files */ = {isa = PBXBuildFile; fileRef = 21AF49BE1AA35A3200C09948 /* 06.png */; };
		21AF49C61AA35A3200C09948 /* input-bold.ttf in Copy Files */ = {isa = PBXBuildFile; fileRef = 21AF49BF1AA35A3200C09948 /* input-bold.ttf */; };
		21AF49C71AA35A3200C09948 /* input-regular.ttf in Copy Files */ = {isa = PBXBuildFile; fileRef = 21AF49C01AA35A3200C09948 /* input-regular.ttf */; };
		21AF49CC1AA4946600C09948 /* 07.png in Copy Files */ = {isa = PBXBuildFile; fileRef = 21AF49C91AA4946600C09948 /* 07.png */; };
		21AF49CD1AA4946600C09948 /* 08.png in Copy Files */ = {isa = PBXBuildFile; fileRef = 21AF49CA1AA4946600C09948 /* 08.png */; };
		21AF49CE1AA4946600C09948 /* 09.png in Copy Files */ = {isa = PBXBuildFile; fileRef = 21AF49CB1AA4946600C09948 /* 09.png */; };
		21D89E791A8A659200161C31 /* ofSpinner.cpp in Sources */ = {isa = PBXBuildFile; fileRef = 21D89E771A8A659200161C31 /* ofSpinner.cpp */; };
		21D89E801A8B9BF700161C31 /* ofxTimer.cpp in Sources */ = {isa = PBXBuildFile; fileRef = 21D89E7E1A8B9BF700161C31 /* ofxTimer.cpp */; };
		21D89E831A8BD0E000161C31 /* ofProgressBar.cpp in Sources */ = {isa = PBXBuildFile; fileRef = 21D89E811A8BD0E000161C31 /* ofProgressBar.cpp */; };
		21D89E861A8BDA0B00161C31 /* ofSlideIndicator.cpp in Sources */ = {isa = PBXBuildFile; fileRef = 21D89E841A8BDA0B00161C31 /* ofSlideIndicator.cpp */; };
		21D89E8A1A8D0D1E00161C31 /* ofSculptureViewer.cpp in Sources */ = {isa = PBXBuildFile; fileRef = 21D89E881A8D0D1E00161C31 /* ofSculptureViewer.cpp */; };
		21D89E941A8DF5E600161C31 /* glm.c in Sources */ = {isa = PBXBuildFile; fileRef = 21D89E921A8DF5E600161C31 /* glm.c */; };
		21D89E971A8DF5FA00161C31 /* ofxObjLoader.cpp in Sources */ = {isa = PBXBuildFile; fileRef = 21D89E951A8DF5FA00161C31 /* ofxObjLoader.cpp */; };
		263BE728163BB0A0DF13E722 /* ofxTCPServer.cpp in Sources */ = {isa = PBXBuildFile; fileRef = 1DE04911DB4C867BD92C3E54 /* ofxTCPServer.cpp */; };
		2C23B47EBF6DC9A9FE1BE99F /* model3DS.cpp in Sources */ = {isa = PBXBuildFile; fileRef = C7D026626335B75CDA95F643 /* model3DS.cpp */; };
		37E3F1E90FEA69705D41EF36 /* ofxUDPManager.cpp in Sources */ = {isa = PBXBuildFile; fileRef = 7CED61F6F90DE43944CE7511 /* ofxUDPManager.cpp */; };
		438B06EC00B19D6A71819CEB /* CreEPS.cpp in Sources */ = {isa = PBXBuildFile; fileRef = 8759CCADA1F77D79BC1BB040 /* CreEPS.cpp */; };
		456A6BD7B4A5718FECEEF1D7 /* ofxAssimpAnimation.cpp in Sources */ = {isa = PBXBuildFile; fileRef = 8E1EAEC166A612121380977E /* ofxAssimpAnimation.cpp */; };
		497E6425A1C99E70CD723D92 /* ofxTCPManager.cpp in Sources */ = {isa = PBXBuildFile; fileRef = 616520EA5B0392F4D6967874 /* ofxTCPManager.cpp */; };
		4EDF9A1F5BA38B064FC8E49F /* ofxToggle.cpp in Sources */ = {isa = PBXBuildFile; fileRef = 92DD7C83790AC8296691E363 /* ofxToggle.cpp */; };
		505F9F7F7DBF1D548465B5A4 /* ofxSliderGroup.cpp in Sources */ = {isa = PBXBuildFile; fileRef = A9A19AE2982815001D3C7E89 /* ofxSliderGroup.cpp */; };
		67FFC7A9FDB20CE6E01E34E0 /* ofxVectorGraphics.cpp in Sources */ = {isa = PBXBuildFile; fileRef = E3BFE134FAA87ED1771ED52C /* ofxVectorGraphics.cpp */; };
		9B52F9A640FCFC95D1213493 /* ofxGuiGroup.cpp in Sources */ = {isa = PBXBuildFile; fileRef = D5CD39BBDEBF1913F521988E /* ofxGuiGroup.cpp */; };
		BBAB23CB13894F3D00AA2426 /* GLUT.framework in Copy Files */ = {isa = PBXBuildFile; fileRef = BBAB23BE13894E4700AA2426 /* GLUT.framework */; };
		BFCAD4B78BA542461C3F76B5 /* ofxAssimpModelLoader.cpp in Sources */ = {isa = PBXBuildFile; fileRef = 8ABD00D70F91DBC9A172EA7B /* ofxAssimpModelLoader.cpp */; };
		C6AD90DF92A88969B000E139 /* ofxSlider.cpp in Sources */ = {isa = PBXBuildFile; fileRef = 0048E26CD8440CB4235AF1F9 /* ofxSlider.cpp */; };
		CE1DE63D17374BCE4471F940 /* ofxPanel.cpp in Sources */ = {isa = PBXBuildFile; fileRef = 3839EDDFAA8217AFA4CB1F0E /* ofxPanel.cpp */; };
		D5BE41C7C243194C6BCB43DA /* texture3DS.cpp in Sources */ = {isa = PBXBuildFile; fileRef = B01C96D661085A691FCC050A /* texture3DS.cpp */; };
		D9446B36A6ADF8D8E1DAD8EE /* ofxAssimpTexture.cpp in Sources */ = {isa = PBXBuildFile; fileRef = EB29FEAFC645F521EC1CFDBE /* ofxAssimpTexture.cpp */; };
		E4328149138ABC9F0047C5CB /* openFrameworksDebug.a in Frameworks */ = {isa = PBXBuildFile; fileRef = E4328148138ABC890047C5CB /* openFrameworksDebug.a */; };
		E45BE97B0E8CC7DD009D7055 /* AGL.framework in Frameworks */ = {isa = PBXBuildFile; fileRef = E45BE9710E8CC7DD009D7055 /* AGL.framework */; };
		E45BE97C0E8CC7DD009D7055 /* ApplicationServices.framework in Frameworks */ = {isa = PBXBuildFile; fileRef = E45BE9720E8CC7DD009D7055 /* ApplicationServices.framework */; };
		E45BE97D0E8CC7DD009D7055 /* AudioToolbox.framework in Frameworks */ = {isa = PBXBuildFile; fileRef = E45BE9730E8CC7DD009D7055 /* AudioToolbox.framework */; };
		E45BE97F0E8CC7DD009D7055 /* CoreAudio.framework in Frameworks */ = {isa = PBXBuildFile; fileRef = E45BE9750E8CC7DD009D7055 /* CoreAudio.framework */; };
		E45BE9800E8CC7DD009D7055 /* CoreFoundation.framework in Frameworks */ = {isa = PBXBuildFile; fileRef = E45BE9760E8CC7DD009D7055 /* CoreFoundation.framework */; };
		E45BE9810E8CC7DD009D7055 /* CoreServices.framework in Frameworks */ = {isa = PBXBuildFile; fileRef = E45BE9770E8CC7DD009D7055 /* CoreServices.framework */; };
		E45BE9830E8CC7DD009D7055 /* OpenGL.framework in Frameworks */ = {isa = PBXBuildFile; fileRef = E45BE9790E8CC7DD009D7055 /* OpenGL.framework */; };
		E45BE9840E8CC7DD009D7055 /* QuickTime.framework in Frameworks */ = {isa = PBXBuildFile; fileRef = E45BE97A0E8CC7DD009D7055 /* QuickTime.framework */; };
		E4B69E200A3A1BDC003C02F2 /* main.cpp in Sources */ = {isa = PBXBuildFile; fileRef = E4B69E1D0A3A1BDC003C02F2 /* main.cpp */; };
		E4B69E210A3A1BDC003C02F2 /* ofApp.cpp in Sources */ = {isa = PBXBuildFile; fileRef = E4B69E1E0A3A1BDC003C02F2 /* ofApp.cpp */; };
		E4C2424710CC5A17004149E2 /* AppKit.framework in Frameworks */ = {isa = PBXBuildFile; fileRef = E4C2424410CC5A17004149E2 /* AppKit.framework */; };
		E4C2424810CC5A17004149E2 /* Cocoa.framework in Frameworks */ = {isa = PBXBuildFile; fileRef = E4C2424510CC5A17004149E2 /* Cocoa.framework */; };
		E4C2424910CC5A17004149E2 /* IOKit.framework in Frameworks */ = {isa = PBXBuildFile; fileRef = E4C2424610CC5A17004149E2 /* IOKit.framework */; };
		E4EB6799138ADC1D00A09F29 /* GLUT.framework in Frameworks */ = {isa = PBXBuildFile; fileRef = BBAB23BE13894E4700AA2426 /* GLUT.framework */; };
		E54507412469F182A2278A83 /* ofxLabel.cpp in Sources */ = {isa = PBXBuildFile; fileRef = EC0F5EF25C5AE4E6B6BAF645 /* ofxLabel.cpp */; };
		E7E077E515D3B63C0020DFD4 /* CoreVideo.framework in Frameworks */ = {isa = PBXBuildFile; fileRef = E7E077E415D3B63C0020DFD4 /* CoreVideo.framework */; };
		E7E077E815D3B6510020DFD4 /* QTKit.framework in Frameworks */ = {isa = PBXBuildFile; fileRef = E7E077E715D3B6510020DFD4 /* QTKit.framework */; };
		E7F985F815E0DEA3003869B5 /* Accelerate.framework in Frameworks */ = {isa = PBXBuildFile; fileRef = E7F985F515E0DE99003869B5 /* Accelerate.framework */; };
		FD713D3A8B43C6F77152A72B /* ofxTCPClient.cpp in Sources */ = {isa = PBXBuildFile; fileRef = F706F40EF1A1EE82CEAE599F /* ofxTCPClient.cpp */; };
/* End PBXBuildFile section */

/* Begin PBXContainerItemProxy section */
		E4328147138ABC890047C5CB /* PBXContainerItemProxy */ = {
			isa = PBXContainerItemProxy;
			containerPortal = E4328143138ABC890047C5CB /* openFrameworksLib.xcodeproj */;
			proxyType = 2;
			remoteGlobalIDString = E4B27C1510CBEB8E00536013;
			remoteInfo = openFrameworks;
		};
		E4EEB9AB138B136A00A80321 /* PBXContainerItemProxy */ = {
			isa = PBXContainerItemProxy;
			containerPortal = E4328143138ABC890047C5CB /* openFrameworksLib.xcodeproj */;
			proxyType = 1;
			remoteGlobalIDString = E4B27C1410CBEB8E00536013;
			remoteInfo = openFrameworks;
		};
/* End PBXContainerItemProxy section */

/* Begin PBXCopyFilesBuildPhase section */
		E4C2427710CC5ABF004149E2 /* Copy Files */ = {
			isa = PBXCopyFilesBuildPhase;
			buildActionMask = 2147483647;
			dstPath = data;
			dstSubfolderSpec = 7;
			files = (
				21AF49CC1AA4946600C09948 /* 07.png in Copy Files */,
				21AF49CD1AA4946600C09948 /* 08.png in Copy Files */,
				21AF49CE1AA4946600C09948 /* 09.png in Copy Files */,
				21AF49C11AA35A3200C09948 /* 02.png in Copy Files */,
				21AF49C21AA35A3200C09948 /* 03.png in Copy Files */,
				21AF49C31AA35A3200C09948 /* 04.png in Copy Files */,
				21AF49C41AA35A3200C09948 /* 05.png in Copy Files */,
				21AF49C51AA35A3200C09948 /* 06.png in Copy Files */,
				21AF49C61AA35A3200C09948 /* input-bold.ttf in Copy Files */,
				21AF49C71AA35A3200C09948 /* input-regular.ttf in Copy Files */,
				BBAB23CB13894F3D00AA2426 /* GLUT.framework in Copy Files */,
			);
			name = "Copy Files";
			runOnlyForDeploymentPostprocessing = 0;
		};
/* End PBXCopyFilesBuildPhase section */

/* Begin PBXFileReference section */
		0048E26CD8440CB4235AF1F9 /* ofxSlider.cpp */ = {isa = PBXFileReference; explicitFileType = sourcecode.cpp.cpp; fileEncoding = 30; name = ofxSlider.cpp; path = ../../Libs/of_v0.8.4_osx_release/addons/ofxGui/src/ofxSlider.cpp; sourceTree = SOURCE_ROOT; };
		0B7D8D21D0A9963C36178395 /* ProgressHandler.h */ = {isa = PBXFileReference; explicitFileType = sourcecode.c.h; fileEncoding = 30; name = ProgressHandler.h; path = ../../Libs/of_v0.8.4_osx_release/addons/ofxAssimpModelLoader/libs/assimp/include/ProgressHandler.h; sourceTree = SOURCE_ROOT; };
		0C3BD27F3605AFD52D532858 /* ofxUDPManager.h */ = {isa = PBXFileReference; explicitFileType = sourcecode.c.h; fileEncoding = 30; name = ofxUDPManager.h; path = ../../Libs/of_v0.8.4_osx_release/addons/ofxNetwork/src/ofxUDPManager.h; sourceTree = SOURCE_ROOT; };
		116C17DCC82CA9D291A981CB /* NullLogger.h */ = {isa = PBXFileReference; explicitFileType = sourcecode.c.h; fileEncoding = 30; name = NullLogger.h; path = ../../Libs/of_v0.8.4_osx_release/addons/ofxAssimpModelLoader/libs/assimp/include/NullLogger.h; sourceTree = SOURCE_ROOT; };
		1789E6B6A8C11CA1468759BB /* ofx3DBaseLoader.h */ = {isa = PBXFileReference; explicitFileType = sourcecode.c.h; fileEncoding = 30; name = ofx3DBaseLoader.h; path = ../../Libs/of_v0.8.4_osx_release/addons/ofx3DModelLoader/src/ofx3DBaseLoader.h; sourceTree = SOURCE_ROOT; };
		1DE04911DB4C867BD92C3E54 /* ofxTCPServer.cpp */ = {isa = PBXFileReference; explicitFileType = sourcecode.cpp.cpp; fileEncoding = 30; name = ofxTCPServer.cpp; path = ../../Libs/of_v0.8.4_osx_release/addons/ofxNetwork/src/ofxTCPServer.cpp; sourceTree = SOURCE_ROOT; };
		1E47223169425006CD348330 /* aiMatrix3x3.h */ = {isa = PBXFileReference; explicitFileType = sourcecode.c.h; fileEncoding = 30; name = aiMatrix3x3.h; path = ../../Libs/of_v0.8.4_osx_release/addons/ofxAssimpModelLoader/libs/assimp/include/aiMatrix3x3.h; sourceTree = SOURCE_ROOT; };
		2103EA991A9698CA005FCC2D /* ofAnimatedImage.cpp */ = {isa = PBXFileReference; fileEncoding = 4; lastKnownFileType = sourcecode.cpp.cpp; path = ofAnimatedImage.cpp; sourceTree = "<group>"; };
		2103EA9A1A9698CA005FCC2D /* ofAnimatedImage.h */ = {isa = PBXFileReference; fileEncoding = 4; lastKnownFileType = sourcecode.c.h; path = ofAnimatedImage.h; sourceTree = "<group>"; };
		2103EA9C1A9BCAEA005FCC2D /* ofSlideTitle.cpp */ = {isa = PBXFileReference; fileEncoding = 4; lastKnownFileType = sourcecode.cpp.cpp; path = ofSlideTitle.cpp; sourceTree = "<group>"; };
		2103EA9D1A9BCAEA005FCC2D /* ofSlideTitle.h */ = {isa = PBXFileReference; fileEncoding = 4; lastKnownFileType = sourcecode.c.h; path = ofSlideTitle.h; sourceTree = "<group>"; };
		2103EAA01A9BE6B4005FCC2D /* ofxBlurShader.cpp */ = {isa = PBXFileReference; fileEncoding = 4; lastKnownFileType = sourcecode.cpp.cpp; name = ofxBlurShader.cpp; path = ../../Libs/of_v0.8.4_osx_release/addons/ofxBlurShader/ofxBlurShader.cpp; sourceTree = "<group>"; };
		2103EAA11A9BE6B4005FCC2D /* ofxBlurShader.h */ = {isa = PBXFileReference; fileEncoding = 4; lastKnownFileType = sourcecode.c.h; name = ofxBlurShader.h; path = ../../Libs/of_v0.8.4_osx_release/addons/ofxBlurShader/ofxBlurShader.h; sourceTree = "<group>"; };
		2103EAA51A9BE999005FCC2D /* ofxAnimatable.cpp */ = {isa = PBXFileReference; fileEncoding = 4; lastKnownFileType = sourcecode.cpp.cpp; name = ofxAnimatable.cpp; path = ../../Libs/of_v0.8.4_osx_release/addons/ofxAnimatable/src/ofxAnimatable.cpp; sourceTree = "<group>"; };
		2103EAA61A9BE999005FCC2D /* ofxAnimatable.h */ = {isa = PBXFileReference; fileEncoding = 4; lastKnownFileType = sourcecode.c.h; name = ofxAnimatable.h; path = ../../Libs/of_v0.8.4_osx_release/addons/ofxAnimatable/src/ofxAnimatable.h; sourceTree = "<group>"; };
		2103EAA71A9BE999005FCC2D /* ofxAnimatableFloat.cpp */ = {isa = PBXFileReference; fileEncoding = 4; lastKnownFileType = sourcecode.cpp.cpp; name = ofxAnimatableFloat.cpp; path = ../../Libs/of_v0.8.4_osx_release/addons/ofxAnimatable/src/ofxAnimatableFloat.cpp; sourceTree = "<group>"; };
		2103EAA81A9BE999005FCC2D /* ofxAnimatableFloat.h */ = {isa = PBXFileReference; fileEncoding = 4; lastKnownFileType = sourcecode.c.h; name = ofxAnimatableFloat.h; path = ../../Libs/of_v0.8.4_osx_release/addons/ofxAnimatable/src/ofxAnimatableFloat.h; sourceTree = "<group>"; };
		2103EAA91A9BE999005FCC2D /* ofxAnimatableOfColor.cpp */ = {isa = PBXFileReference; fileEncoding = 4; lastKnownFileType = sourcecode.cpp.cpp; name = ofxAnimatableOfColor.cpp; path = ../../Libs/of_v0.8.4_osx_release/addons/ofxAnimatable/src/ofxAnimatableOfColor.cpp; sourceTree = "<group>"; };
		2103EAAA1A9BE999005FCC2D /* ofxAnimatableOfColor.h */ = {isa = PBXFileReference; fileEncoding = 4; lastKnownFileType = sourcecode.c.h; name = ofxAnimatableOfColor.h; path = ../../Libs/of_v0.8.4_osx_release/addons/ofxAnimatable/src/ofxAnimatableOfColor.h; sourceTree = "<group>"; };
		2103EAAB1A9BE999005FCC2D /* ofxAnimatableOfPoint.cpp */ = {isa = PBXFileReference; fileEncoding = 4; lastKnownFileType = sourcecode.cpp.cpp; name = ofxAnimatableOfPoint.cpp; path = ../../Libs/of_v0.8.4_osx_release/addons/ofxAnimatable/src/ofxAnimatableOfPoint.cpp; sourceTree = "<group>"; };
		2103EAAC1A9BE999005FCC2D /* ofxAnimatableOfPoint.h */ = {isa = PBXFileReference; fileEncoding = 4; lastKnownFileType = sourcecode.c.h; name = ofxAnimatableOfPoint.h; path = ../../Libs/of_v0.8.4_osx_release/addons/ofxAnimatable/src/ofxAnimatableOfPoint.h; sourceTree = "<group>"; };
		21508EC41A93C32800C2D8CE /* ofSniffer.cpp */ = {isa = PBXFileReference; fileEncoding = 4; lastKnownFileType = sourcecode.cpp.cpp; path = ofSniffer.cpp; sourceTree = "<group>"; };
		21508EC51A93C32800C2D8CE /* ofSniffer.h */ = {isa = PBXFileReference; fileEncoding = 4; lastKnownFileType = sourcecode.c.h; path = ofSniffer.h; sourceTree = "<group>"; };
		21ADB25F1A9CE7800056B5C6 /* ofxFboBlur.h */ = {isa = PBXFileReference; fileEncoding = 4; lastKnownFileType = sourcecode.c.h; name = ofxFboBlur.h; path = ../../Libs/of_v0.8.4_osx_release/addons/ofxFboBlur/src/ofxFboBlur.h; sourceTree = "<group>"; };
		21ADB2601A9D143B0056B5C6 /* ofSlideImage.cpp */ = {isa = PBXFileReference; fileEncoding = 4; lastKnownFileType = sourcecode.cpp.cpp; path = ofSlideImage.cpp; sourceTree = "<group>"; };
		21ADB2611A9D143B0056B5C6 /* ofSlideImage.h */ = {isa = PBXFileReference; fileEncoding = 4; lastKnownFileType = sourcecode.c.h; path = ofSlideImage.h; sourceTree = "<group>"; };
		21AF49971A9F2D6D00C09948 /* ofSlide.h */ = {isa = PBXFileReference; lastKnownFileType = sourcecode.c.h; path = ofSlide.h; sourceTree = "<group>"; };
		21AF49981A9F2D8100C09948 /* ofSlide.cpp */ = {isa = PBXFileReference; fileEncoding = 4; lastKnownFileType = sourcecode.cpp.cpp; path = ofSlide.cpp; sourceTree = "<group>"; };
		21AF499A1A9F2EE100C09948 /* ofSlideManager.cpp */ = {isa = PBXFileReference; fileEncoding = 4; lastKnownFileType = sourcecode.cpp.cpp; path = ofSlideManager.cpp; sourceTree = "<group>"; };
		21AF499B1A9F2EE100C09948 /* ofSlideManager.h */ = {isa = PBXFileReference; fileEncoding = 4; lastKnownFileType = sourcecode.c.h; path = ofSlideManager.h; sourceTree = "<group>"; };
		21AF49BA1AA35A3200C09948 /* 02.png */ = {isa = PBXFileReference; lastKnownFileType = image.png; name = 02.png; path = ../02.png; sourceTree = "<group>"; };
		21AF49BB1AA35A3200C09948 /* 03.png */ = {isa = PBXFileReference; lastKnownFileType = image.png; name = 03.png; path = ../03.png; sourceTree = "<group>"; };
		21AF49BC1AA35A3200C09948 /* 04.png */ = {isa = PBXFileReference; lastKnownFileType = image.png; name = 04.png; path = ../04.png; sourceTree = "<group>"; };
		21AF49BD1AA35A3200C09948 /* 05.png */ = {isa = PBXFileReference; lastKnownFileType = image.png; name = 05.png; path = ../05.png; sourceTree = "<group>"; };
		21AF49BE1AA35A3200C09948 /* 06.png */ = {isa = PBXFileReference; lastKnownFileType = image.png; name = 06.png; path = ../06.png; sourceTree = "<group>"; };
		21AF49BF1AA35A3200C09948 /* input-bold.ttf */ = {isa = PBXFileReference; lastKnownFileType = file; name = "input-bold.ttf"; path = "bin/data/input-bold.ttf"; sourceTree = "<group>"; };
		21AF49C01AA35A3200C09948 /* input-regular.ttf */ = {isa = PBXFileReference; lastKnownFileType = file; name = "input-regular.ttf"; path = "bin/data/input-regular.ttf"; sourceTree = "<group>"; };
		21AF49C91AA4946600C09948 /* 07.png */ = {isa = PBXFileReference; lastKnownFileType = image.png; name = 07.png; path = ../07.png; sourceTree = "<group>"; };
		21AF49CA1AA4946600C09948 /* 08.png */ = {isa = PBXFileReference; lastKnownFileType = image.png; name = 08.png; path = ../08.png; sourceTree = "<group>"; };
		21AF49CB1AA4946600C09948 /* 09.png */ = {isa = PBXFileReference; lastKnownFileType = image.png; name = 09.png; path = ../09.png; sourceTree = "<group>"; };
		21D89E771A8A659200161C31 /* ofSpinner.cpp */ = {isa = PBXFileReference; fileEncoding = 4; lastKnownFileType = sourcecode.cpp.cpp; path = ofSpinner.cpp; sourceTree = "<group>"; };
		21D89E781A8A659200161C31 /* ofSpinner.h */ = {isa = PBXFileReference; fileEncoding = 4; lastKnownFileType = sourcecode.c.h; path = ofSpinner.h; sourceTree = "<group>"; };
		21D89E7E1A8B9BF700161C31 /* ofxTimer.cpp */ = {isa = PBXFileReference; fileEncoding = 4; lastKnownFileType = sourcecode.cpp.cpp; path = ofxTimer.cpp; sourceTree = "<group>"; };
		21D89E7F1A8B9BF700161C31 /* ofxTimer.h */ = {isa = PBXFileReference; fileEncoding = 4; lastKnownFileType = sourcecode.c.h; path = ofxTimer.h; sourceTree = "<group>"; };
		21D89E811A8BD0E000161C31 /* ofProgressBar.cpp */ = {isa = PBXFileReference; fileEncoding = 4; lastKnownFileType = sourcecode.cpp.cpp; path = ofProgressBar.cpp; sourceTree = "<group>"; };
		21D89E821A8BD0E000161C31 /* ofProgressBar.h */ = {isa = PBXFileReference; fileEncoding = 4; lastKnownFileType = sourcecode.c.h; path = ofProgressBar.h; sourceTree = "<group>"; };
		21D89E841A8BDA0B00161C31 /* ofSlideIndicator.cpp */ = {isa = PBXFileReference; fileEncoding = 4; lastKnownFileType = sourcecode.cpp.cpp; path = ofSlideIndicator.cpp; sourceTree = "<group>"; };
		21D89E851A8BDA0B00161C31 /* ofSlideIndicator.h */ = {isa = PBXFileReference; fileEncoding = 4; lastKnownFileType = sourcecode.c.h; path = ofSlideIndicator.h; sourceTree = "<group>"; };
		21D89E881A8D0D1E00161C31 /* ofSculptureViewer.cpp */ = {isa = PBXFileReference; fileEncoding = 4; lastKnownFileType = sourcecode.cpp.cpp; path = ofSculptureViewer.cpp; sourceTree = "<group>"; };
		21D89E891A8D0D1E00161C31 /* ofSculptureViewer.h */ = {isa = PBXFileReference; fileEncoding = 4; lastKnownFileType = sourcecode.c.h; path = ofSculptureViewer.h; sourceTree = "<group>"; };
		21D89E921A8DF5E600161C31 /* glm.c */ = {isa = PBXFileReference; fileEncoding = 4; lastKnownFileType = sourcecode.c.c; name = glm.c; path = ../../Libs/of_v0.8.4_osx_release/addons/ofxObjLoader/libs/glm.c; sourceTree = "<group>"; };
		21D89E931A8DF5E600161C31 /* glm.h */ = {isa = PBXFileReference; fileEncoding = 4; lastKnownFileType = sourcecode.c.h; name = glm.h; path = ../../Libs/of_v0.8.4_osx_release/addons/ofxObjLoader/libs/glm.h; sourceTree = "<group>"; };
		21D89E951A8DF5FA00161C31 /* ofxObjLoader.cpp */ = {isa = PBXFileReference; fileEncoding = 4; lastKnownFileType = sourcecode.cpp.cpp; name = ofxObjLoader.cpp; path = ../../Libs/of_v0.8.4_osx_release/addons/ofxObjLoader/src/ofxObjLoader.cpp; sourceTree = "<group>"; };
		21D89E961A8DF5FA00161C31 /* ofxObjLoader.h */ = {isa = PBXFileReference; fileEncoding = 4; lastKnownFileType = sourcecode.c.h; name = ofxObjLoader.h; path = ../../Libs/of_v0.8.4_osx_release/addons/ofxObjLoader/src/ofxObjLoader.h; sourceTree = "<group>"; };
		2460A733A50E42D96C09EE48 /* ofxGuiGroup.h */ = {isa = PBXFileReference; explicitFileType = sourcecode.c.h; fileEncoding = 30; name = ofxGuiGroup.h; path = ../../Libs/of_v0.8.4_osx_release/addons/ofxGui/src/ofxGuiGroup.h; sourceTree = SOURCE_ROOT; };
		2FBD59576474972992E0F5C4 /* model3DS.h */ = {isa = PBXFileReference; explicitFileType = sourcecode.c.h; fileEncoding = 30; name = model3DS.h; path = ../../Libs/of_v0.8.4_osx_release/addons/ofx3DModelLoader/src/3DS/model3DS.h; sourceTree = SOURCE_ROOT; };
		3168D09379B586C2D8BCB3EC /* ofxNetwork.h */ = {isa = PBXFileReference; explicitFileType = sourcecode.c.h; fileEncoding = 30; name = ofxNetwork.h; path = ../../Libs/of_v0.8.4_osx_release/addons/ofxNetwork/src/ofxNetwork.h; sourceTree = SOURCE_ROOT; };
		33A29015BCE57950BD5B6AD1 /* aiAnim.h */ = {isa = PBXFileReference; explicitFileType = sourcecode.c.h; fileEncoding = 30; name = aiAnim.h; path = ../../Libs/of_v0.8.4_osx_release/addons/ofxAssimpModelLoader/libs/assimp/include/aiAnim.h; sourceTree = SOURCE_ROOT; };
		3446468CBE3AAD4273BB3044 /* aiMaterial.h */ = {isa = PBXFileReference; explicitFileType = sourcecode.c.h; fileEncoding = 30; name = aiMaterial.h; path = ../../Libs/of_v0.8.4_osx_release/addons/ofxAssimpModelLoader/libs/assimp/include/aiMaterial.h; sourceTree = SOURCE_ROOT; };
		344A1D1B92FE2F586A3F99E5 /* aiPostProcess.h */ = {isa = PBXFileReference; explicitFileType = sourcecode.c.h; fileEncoding = 30; name = aiPostProcess.h; path = ../../Libs/of_v0.8.4_osx_release/addons/ofxAssimpModelLoader/libs/assimp/include/aiPostProcess.h; sourceTree = SOURCE_ROOT; };
		3839EDDFAA8217AFA4CB1F0E /* ofxPanel.cpp */ = {isa = PBXFileReference; explicitFileType = sourcecode.cpp.cpp; fileEncoding = 30; name = ofxPanel.cpp; path = ../../Libs/of_v0.8.4_osx_release/addons/ofxGui/src/ofxPanel.cpp; sourceTree = SOURCE_ROOT; };
		4983EFF220C797FA68E79AA6 /* ofxAssimpUtils.h */ = {isa = PBXFileReference; explicitFileType = sourcecode.c.h; fileEncoding = 30; name = ofxAssimpUtils.h; path = ../../Libs/of_v0.8.4_osx_release/addons/ofxAssimpModelLoader/src/ofxAssimpUtils.h; sourceTree = SOURCE_ROOT; };
		4AED5128C93D6A1270A1F79E /* ofxVectorGraphics.h */ = {isa = PBXFileReference; explicitFileType = sourcecode.c.h; fileEncoding = 30; name = ofxVectorGraphics.h; path = ../../Libs/of_v0.8.4_osx_release/addons/ofxVectorGraphics/src/ofxVectorGraphics.h; sourceTree = SOURCE_ROOT; };
		4D83BEE251EB8F8D7A9CA6AE /* ofxNetworkUtils.h */ = {isa = PBXFileReference; explicitFileType = sourcecode.c.h; fileEncoding = 30; name = ofxNetworkUtils.h; path = ../../Libs/of_v0.8.4_osx_release/addons/ofxNetwork/src/ofxNetworkUtils.h; sourceTree = SOURCE_ROOT; };
		501EE17D2C538E577F7D6873 /* ofxTCPClient.h */ = {isa = PBXFileReference; explicitFileType = sourcecode.c.h; fileEncoding = 30; name = ofxTCPClient.h; path = ../../Libs/of_v0.8.4_osx_release/addons/ofxNetwork/src/ofxTCPClient.h; sourceTree = SOURCE_ROOT; };
		53B7087353902CDDD9C56F6C /* ofxButton.h */ = {isa = PBXFileReference; explicitFileType = sourcecode.c.h; fileEncoding = 30; name = ofxButton.h; path = ../../Libs/of_v0.8.4_osx_release/addons/ofxGui/src/ofxButton.h; sourceTree = SOURCE_ROOT; };
		53D52159C9B3ADF46933204C /* ofxTCPServer.h */ = {isa = PBXFileReference; explicitFileType = sourcecode.c.h; fileEncoding = 30; name = ofxTCPServer.h; path = ../../Libs/of_v0.8.4_osx_release/addons/ofxNetwork/src/ofxTCPServer.h; sourceTree = SOURCE_ROOT; };
		53E51EEE18200EA40A49E73E /* DefaultLogger.h */ = {isa = PBXFileReference; explicitFileType = sourcecode.c.h; fileEncoding = 30; name = DefaultLogger.h; path = ../../Libs/of_v0.8.4_osx_release/addons/ofxAssimpModelLoader/libs/assimp/include/DefaultLogger.h; sourceTree = SOURCE_ROOT; };
		543143535B1512D3861F0AEC /* ofxLabel.h */ = {isa = PBXFileReference; explicitFileType = sourcecode.c.h; fileEncoding = 30; name = ofxLabel.h; path = ../../Libs/of_v0.8.4_osx_release/addons/ofxGui/src/ofxLabel.h; sourceTree = SOURCE_ROOT; };
		54D16335FF0C76568FDAB7BF /* ofxSliderGroup.h */ = {isa = PBXFileReference; explicitFileType = sourcecode.c.h; fileEncoding = 30; name = ofxSliderGroup.h; path = ../../Libs/of_v0.8.4_osx_release/addons/ofxGui/src/ofxSliderGroup.h; sourceTree = SOURCE_ROOT; };
		5F2C33F1FB42A8B23F3A413C /* CreEPS.hpp */ = {isa = PBXFileReference; explicitFileType = sourcecode.c.h; fileEncoding = 30; name = CreEPS.hpp; path = ../../Libs/of_v0.8.4_osx_release/addons/ofxVectorGraphics/libs/CreEPS.hpp; sourceTree = SOURCE_ROOT; };
		616520EA5B0392F4D6967874 /* ofxTCPManager.cpp */ = {isa = PBXFileReference; explicitFileType = sourcecode.cpp.cpp; fileEncoding = 30; name = ofxTCPManager.cpp; path = ../../Libs/of_v0.8.4_osx_release/addons/ofxNetwork/src/ofxTCPManager.cpp; sourceTree = SOURCE_ROOT; };
		62BB600AA9E1F950854B0055 /* aiMesh.h */ = {isa = PBXFileReference; explicitFileType = sourcecode.c.h; fileEncoding = 30; name = aiMesh.h; path = ../../Libs/of_v0.8.4_osx_release/addons/ofxAssimpModelLoader/libs/assimp/include/aiMesh.h; sourceTree = SOURCE_ROOT; };
		63323C2742DE28CEB4B2C97A /* aiVector3D.h */ = {isa = PBXFileReference; explicitFileType = sourcecode.c.h; fileEncoding = 30; name = aiVector3D.h; path = ../../Libs/of_v0.8.4_osx_release/addons/ofxAssimpModelLoader/libs/assimp/include/aiVector3D.h; sourceTree = SOURCE_ROOT; };
		6B8B5B1A77B568D41E5FA88B /* aiConfig.h */ = {isa = PBXFileReference; explicitFileType = sourcecode.c.h; fileEncoding = 30; name = aiConfig.h; path = ../../Libs/of_v0.8.4_osx_release/addons/ofxAssimpModelLoader/libs/assimp/include/aiConfig.h; sourceTree = SOURCE_ROOT; };
		6C3AC08D393F39219113FFB2 /* ofxAssimpTexture.h */ = {isa = PBXFileReference; explicitFileType = sourcecode.c.h; fileEncoding = 30; name = ofxAssimpTexture.h; path = ../../Libs/of_v0.8.4_osx_release/addons/ofxAssimpModelLoader/src/ofxAssimpTexture.h; sourceTree = SOURCE_ROOT; };
		6E81054D0CB2DCF7E1EB36FD /* aiAssert.h */ = {isa = PBXFileReference; explicitFileType = sourcecode.c.h; fileEncoding = 30; name = aiAssert.h; path = ../../Libs/of_v0.8.4_osx_release/addons/ofxAssimpModelLoader/libs/assimp/include/aiAssert.h; sourceTree = SOURCE_ROOT; };
		6EFEB8100038CCDE684A9E83 /* aiScene.h */ = {isa = PBXFileReference; explicitFileType = sourcecode.c.h; fileEncoding = 30; name = aiScene.h; path = ../../Libs/of_v0.8.4_osx_release/addons/ofxAssimpModelLoader/libs/assimp/include/aiScene.h; sourceTree = SOURCE_ROOT; };
		786E926935B0AD90398BB841 /* aiVersion.h */ = {isa = PBXFileReference; explicitFileType = sourcecode.c.h; fileEncoding = 30; name = aiVersion.h; path = ../../Libs/of_v0.8.4_osx_release/addons/ofxAssimpModelLoader/libs/assimp/include/aiVersion.h; sourceTree = SOURCE_ROOT; };
		7C1B38B53542DF024146F568 /* ofxPanel.h */ = {isa = PBXFileReference; explicitFileType = sourcecode.c.h; fileEncoding = 30; name = ofxPanel.h; path = ../../Libs/of_v0.8.4_osx_release/addons/ofxGui/src/ofxPanel.h; sourceTree = SOURCE_ROOT; };
		7CED61F6F90DE43944CE7511 /* ofxUDPManager.cpp */ = {isa = PBXFileReference; explicitFileType = sourcecode.cpp.cpp; fileEncoding = 30; name = ofxUDPManager.cpp; path = ../../Libs/of_v0.8.4_osx_release/addons/ofxNetwork/src/ofxUDPManager.cpp; sourceTree = SOURCE_ROOT; };
		81C4685AC7C26110419A3C22 /* IOSystem.h */ = {isa = PBXFileReference; explicitFileType = sourcecode.c.h; fileEncoding = 30; name = IOSystem.h; path = ../../Libs/of_v0.8.4_osx_release/addons/ofxAssimpModelLoader/libs/assimp/include/IOSystem.h; sourceTree = SOURCE_ROOT; };
		833C328422231BF79EE17C0F /* aiLight.h */ = {isa = PBXFileReference; explicitFileType = sourcecode.c.h; fileEncoding = 30; name = aiLight.h; path = ../../Libs/of_v0.8.4_osx_release/addons/ofxAssimpModelLoader/libs/assimp/include/aiLight.h; sourceTree = SOURCE_ROOT; };
		84436EE23688563C97DE7B09 /* aiFileIO.h */ = {isa = PBXFileReference; explicitFileType = sourcecode.c.h; fileEncoding = 30; name = aiFileIO.h; path = ../../Libs/of_v0.8.4_osx_release/addons/ofxAssimpModelLoader/libs/assimp/include/aiFileIO.h; sourceTree = SOURCE_ROOT; };
		86733C7607BB3E95B32B9592 /* ofxTCPManager.h */ = {isa = PBXFileReference; explicitFileType = sourcecode.c.h; fileEncoding = 30; name = ofxTCPManager.h; path = ../../Libs/of_v0.8.4_osx_release/addons/ofxNetwork/src/ofxTCPManager.h; sourceTree = SOURCE_ROOT; };
		8759CCADA1F77D79BC1BB040 /* CreEPS.cpp */ = {isa = PBXFileReference; explicitFileType = sourcecode.cpp.cpp; fileEncoding = 30; name = CreEPS.cpp; path = ../../Libs/of_v0.8.4_osx_release/addons/ofxVectorGraphics/libs/CreEPS.cpp; sourceTree = SOURCE_ROOT; };
		89A945786A43C91C285A5551 /* ofxAssimpMeshHelper.h */ = {isa = PBXFileReference; explicitFileType = sourcecode.c.h; fileEncoding = 30; name = ofxAssimpMeshHelper.h; path = ../../Libs/of_v0.8.4_osx_release/addons/ofxAssimpModelLoader/src/ofxAssimpMeshHelper.h; sourceTree = SOURCE_ROOT; };
		8ABD00D70F91DBC9A172EA7B /* ofxAssimpModelLoader.cpp */ = {isa = PBXFileReference; explicitFileType = sourcecode.cpp.cpp; fileEncoding = 30; name = ofxAssimpModelLoader.cpp; path = ../../Libs/of_v0.8.4_osx_release/addons/ofxAssimpModelLoader/src/ofxAssimpModelLoader.cpp; sourceTree = SOURCE_ROOT; };
		8E1EAEC166A612121380977E /* ofxAssimpAnimation.cpp */ = {isa = PBXFileReference; explicitFileType = sourcecode.cpp.cpp; fileEncoding = 30; name = ofxAssimpAnimation.cpp; path = ../../Libs/of_v0.8.4_osx_release/addons/ofxAssimpModelLoader/src/ofxAssimpAnimation.cpp; sourceTree = SOURCE_ROOT; };
		904FEF75D8DAAED40FC402FE /* aiTypes.h */ = {isa = PBXFileReference; explicitFileType = sourcecode.c.h; fileEncoding = 30; name = aiTypes.h; path = ../../Libs/of_v0.8.4_osx_release/addons/ofxAssimpModelLoader/libs/assimp/include/aiTypes.h; sourceTree = SOURCE_ROOT; };
		9166B2E330D6A0C520A56537 /* ofxGui.h */ = {isa = PBXFileReference; explicitFileType = sourcecode.c.h; fileEncoding = 30; name = ofxGui.h; path = ../../Libs/of_v0.8.4_osx_release/addons/ofxGui/src/ofxGui.h; sourceTree = SOURCE_ROOT; };
		92DD7C83790AC8296691E363 /* ofxToggle.cpp */ = {isa = PBXFileReference; explicitFileType = sourcecode.cpp.cpp; fileEncoding = 30; name = ofxToggle.cpp; path = ../../Libs/of_v0.8.4_osx_release/addons/ofxGui/src/ofxToggle.cpp; sourceTree = SOURCE_ROOT; };
		9B9ECC2022EF78B79DAF5A05 /* ofxButton.cpp */ = {isa = PBXFileReference; explicitFileType = sourcecode.cpp.cpp; fileEncoding = 30; name = ofxButton.cpp; path = ../../Libs/of_v0.8.4_osx_release/addons/ofxGui/src/ofxButton.cpp; sourceTree = SOURCE_ROOT; };
		A11CF0BD41B45C98C0ED335F /* poppack1.h */ = {isa = PBXFileReference; explicitFileType = sourcecode.c.h; fileEncoding = 30; name = poppack1.h; path = ../../Libs/of_v0.8.4_osx_release/addons/ofxAssimpModelLoader/libs/assimp/include/Compiler/poppack1.h; sourceTree = SOURCE_ROOT; };
		A255E89B5F8EA5E82751141A /* ofx3dModelLoader.cpp */ = {isa = PBXFileReference; explicitFileType = sourcecode.cpp.cpp; fileEncoding = 30; name = ofx3dModelLoader.cpp; path = ../../Libs/of_v0.8.4_osx_release/addons/ofx3DModelLoader/src/ofx3dModelLoader.cpp; sourceTree = SOURCE_ROOT; };
		A9A19AE2982815001D3C7E89 /* ofxSliderGroup.cpp */ = {isa = PBXFileReference; explicitFileType = sourcecode.cpp.cpp; fileEncoding = 30; name = ofxSliderGroup.cpp; path = ../../Libs/of_v0.8.4_osx_release/addons/ofxGui/src/ofxSliderGroup.cpp; sourceTree = SOURCE_ROOT; };
		AA89B0C130CFC79819FCD5DF /* Logger.h */ = {isa = PBXFileReference; explicitFileType = sourcecode.c.h; fileEncoding = 30; name = Logger.h; path = ../../Libs/of_v0.8.4_osx_release/addons/ofxAssimpModelLoader/libs/assimp/include/Logger.h; sourceTree = SOURCE_ROOT; };
		AD871A58B98E2106DFF4D3D6 /* aiVector2D.h */ = {isa = PBXFileReference; explicitFileType = sourcecode.c.h; fileEncoding = 30; name = aiVector2D.h; path = ../../Libs/of_v0.8.4_osx_release/addons/ofxAssimpModelLoader/libs/assimp/include/aiVector2D.h; sourceTree = SOURCE_ROOT; };
		ADDF2E563B84904AF72CE7F2 /* texture3DS.h */ = {isa = PBXFileReference; explicitFileType = sourcecode.c.h; fileEncoding = 30; name = texture3DS.h; path = ../../Libs/of_v0.8.4_osx_release/addons/ofx3DModelLoader/src/3DS/texture3DS.h; sourceTree = SOURCE_ROOT; };
		B01C96D661085A691FCC050A /* texture3DS.cpp */ = {isa = PBXFileReference; explicitFileType = sourcecode.cpp.cpp; fileEncoding = 30; name = texture3DS.cpp; path = ../../Libs/of_v0.8.4_osx_release/addons/ofx3DModelLoader/src/3DS/texture3DS.cpp; sourceTree = SOURCE_ROOT; };
		B21BCFCE695E638BCE47B0DC /* CreEPS_Types.hpp */ = {isa = PBXFileReference; explicitFileType = sourcecode.c.h; fileEncoding = 30; name = CreEPS_Types.hpp; path = ../../Libs/of_v0.8.4_osx_release/addons/ofxVectorGraphics/libs/CreEPS_Types.hpp; sourceTree = SOURCE_ROOT; };
		B6DB2C2538304E24C0FB58F8 /* aiCamera.h */ = {isa = PBXFileReference; explicitFileType = sourcecode.c.h; fileEncoding = 30; name = aiCamera.h; path = ../../Libs/of_v0.8.4_osx_release/addons/ofxAssimpModelLoader/libs/assimp/include/aiCamera.h; sourceTree = SOURCE_ROOT; };
		B794F9CB135C190D6CF466B7 /* ofx3DModelLoader.h */ = {isa = PBXFileReference; explicitFileType = sourcecode.c.h; fileEncoding = 30; name = ofx3DModelLoader.h; path = ../../Libs/of_v0.8.4_osx_release/addons/ofx3DModelLoader/src/ofx3DModelLoader.h; sourceTree = SOURCE_ROOT; };
		B8008576B4892DEACD6A3DB0 /* Vector3DS.h */ = {isa = PBXFileReference; explicitFileType = sourcecode.c.h; fileEncoding = 30; name = Vector3DS.h; path = ../../Libs/of_v0.8.4_osx_release/addons/ofx3DModelLoader/src/3DS/Vector3DS.h; sourceTree = SOURCE_ROOT; };
		B8E5C3DFEB178AEF7F9B31FB /* ofxAssimpModelLoader.h */ = {isa = PBXFileReference; explicitFileType = sourcecode.c.h; fileEncoding = 30; name = ofxAssimpModelLoader.h; path = ../../Libs/of_v0.8.4_osx_release/addons/ofxAssimpModelLoader/src/ofxAssimpModelLoader.h; sourceTree = SOURCE_ROOT; };
		BA83C7C9E329C6E631B0F4E6 /* IOStream.h */ = {isa = PBXFileReference; explicitFileType = sourcecode.c.h; fileEncoding = 30; name = IOStream.h; path = ../../Libs/of_v0.8.4_osx_release/addons/ofxAssimpModelLoader/libs/assimp/include/IOStream.h; sourceTree = SOURCE_ROOT; };
		BBAB23BE13894E4700AA2426 /* GLUT.framework */ = {isa = PBXFileReference; lastKnownFileType = wrapper.framework; name = GLUT.framework; path = ../../Libs/of_v0.8.4_osx_release/libs/glut/lib/osx/GLUT.framework; sourceTree = "<group>"; };
		C40D18898F51C6E4A9C2A7EA /* ofxAssimpMeshHelper.cpp */ = {isa = PBXFileReference; explicitFileType = sourcecode.cpp.cpp; fileEncoding = 30; name = ofxAssimpMeshHelper.cpp; path = ../../Libs/of_v0.8.4_osx_release/addons/ofxAssimpModelLoader/src/ofxAssimpMeshHelper.cpp; sourceTree = SOURCE_ROOT; };
		C7D026626335B75CDA95F643 /* model3DS.cpp */ = {isa = PBXFileReference; explicitFileType = sourcecode.cpp.cpp; fileEncoding = 30; name = model3DS.cpp; path = ../../Libs/of_v0.8.4_osx_release/addons/ofx3DModelLoader/src/3DS/model3DS.cpp; sourceTree = SOURCE_ROOT; };
		C852E1F80D8CAAC277CC2D7D /* aiMatrix4x4.h */ = {isa = PBXFileReference; explicitFileType = sourcecode.c.h; fileEncoding = 30; name = aiMatrix4x4.h; path = ../../Libs/of_v0.8.4_osx_release/addons/ofxAssimpModelLoader/libs/assimp/include/aiMatrix4x4.h; sourceTree = SOURCE_ROOT; };
		CBB4F8E8FBC517E182C3C035 /* ofxAssimpAnimation.h */ = {isa = PBXFileReference; explicitFileType = sourcecode.c.h; fileEncoding = 30; name = ofxAssimpAnimation.h; path = ../../Libs/of_v0.8.4_osx_release/addons/ofxAssimpModelLoader/src/ofxAssimpAnimation.h; sourceTree = SOURCE_ROOT; };
		CE813A836002145D0F5CD0FF /* assimp.h */ = {isa = PBXFileReference; explicitFileType = sourcecode.c.h; fileEncoding = 30; name = assimp.h; path = ../../Libs/of_v0.8.4_osx_release/addons/ofxAssimpModelLoader/libs/assimp/include/assimp.h; sourceTree = SOURCE_ROOT; };
		D5CD39BBDEBF1913F521988E /* ofxGuiGroup.cpp */ = {isa = PBXFileReference; explicitFileType = sourcecode.cpp.cpp; fileEncoding = 30; name = ofxGuiGroup.cpp; path = ../../Libs/of_v0.8.4_osx_release/addons/ofxGui/src/ofxGuiGroup.cpp; sourceTree = SOURCE_ROOT; };
		D71D4329C54F26E08C19AB54 /* ofxBaseGui.h */ = {isa = PBXFileReference; explicitFileType = sourcecode.c.h; fileEncoding = 30; name = ofxBaseGui.h; path = ../../Libs/of_v0.8.4_osx_release/addons/ofxGui/src/ofxBaseGui.h; sourceTree = SOURCE_ROOT; };
		D7FB62950E58547CC74DE467 /* assimp.hpp */ = {isa = PBXFileReference; explicitFileType = sourcecode.c.h; fileEncoding = 30; name = assimp.hpp; path = ../../Libs/of_v0.8.4_osx_release/addons/ofxAssimpModelLoader/libs/assimp/include/assimp.hpp; sourceTree = SOURCE_ROOT; };
		D871A7D65B91ED0747DE9A6A /* aiTexture.h */ = {isa = PBXFileReference; explicitFileType = sourcecode.c.h; fileEncoding = 30; name = aiTexture.h; path = ../../Libs/of_v0.8.4_osx_release/addons/ofxAssimpModelLoader/libs/assimp/include/aiTexture.h; sourceTree = SOURCE_ROOT; };
		DEB79323CBA7916E04AB729F /* pushpack1.h */ = {isa = PBXFileReference; explicitFileType = sourcecode.c.h; fileEncoding = 30; name = pushpack1.h; path = ../../Libs/of_v0.8.4_osx_release/addons/ofxAssimpModelLoader/libs/assimp/include/Compiler/pushpack1.h; sourceTree = SOURCE_ROOT; };
		E35E717007B21DB3D094C4E0 /* aiQuaternion.h */ = {isa = PBXFileReference; explicitFileType = sourcecode.c.h; fileEncoding = 30; name = aiQuaternion.h; path = ../../Libs/of_v0.8.4_osx_release/addons/ofxAssimpModelLoader/libs/assimp/include/aiQuaternion.h; sourceTree = SOURCE_ROOT; };
		E3BFE134FAA87ED1771ED52C /* ofxVectorGraphics.cpp */ = {isa = PBXFileReference; explicitFileType = sourcecode.cpp.cpp; fileEncoding = 30; name = ofxVectorGraphics.cpp; path = ../../Libs/of_v0.8.4_osx_release/addons/ofxVectorGraphics/src/ofxVectorGraphics.cpp; sourceTree = SOURCE_ROOT; };
		E4328143138ABC890047C5CB /* openFrameworksLib.xcodeproj */ = {isa = PBXFileReference; lastKnownFileType = "wrapper.pb-project"; name = openFrameworksLib.xcodeproj; path = ../../Libs/of_v0.8.4_osx_release/libs/openFrameworksCompiled/project/osx/openFrameworksLib.xcodeproj; sourceTree = SOURCE_ROOT; };
		E45BE9710E8CC7DD009D7055 /* AGL.framework */ = {isa = PBXFileReference; lastKnownFileType = wrapper.framework; name = AGL.framework; path = /System/Library/Frameworks/AGL.framework; sourceTree = "<absolute>"; };
		E45BE9720E8CC7DD009D7055 /* ApplicationServices.framework */ = {isa = PBXFileReference; lastKnownFileType = wrapper.framework; name = ApplicationServices.framework; path = /System/Library/Frameworks/ApplicationServices.framework; sourceTree = "<absolute>"; };
		E45BE9730E8CC7DD009D7055 /* AudioToolbox.framework */ = {isa = PBXFileReference; lastKnownFileType = wrapper.framework; name = AudioToolbox.framework; path = /System/Library/Frameworks/AudioToolbox.framework; sourceTree = "<absolute>"; };
		E45BE9750E8CC7DD009D7055 /* CoreAudio.framework */ = {isa = PBXFileReference; lastKnownFileType = wrapper.framework; name = CoreAudio.framework; path = /System/Library/Frameworks/CoreAudio.framework; sourceTree = "<absolute>"; };
		E45BE9760E8CC7DD009D7055 /* CoreFoundation.framework */ = {isa = PBXFileReference; lastKnownFileType = wrapper.framework; name = CoreFoundation.framework; path = /System/Library/Frameworks/CoreFoundation.framework; sourceTree = "<absolute>"; };
		E45BE9770E8CC7DD009D7055 /* CoreServices.framework */ = {isa = PBXFileReference; lastKnownFileType = wrapper.framework; name = CoreServices.framework; path = /System/Library/Frameworks/CoreServices.framework; sourceTree = "<absolute>"; };
		E45BE9790E8CC7DD009D7055 /* OpenGL.framework */ = {isa = PBXFileReference; lastKnownFileType = wrapper.framework; name = OpenGL.framework; path = /System/Library/Frameworks/OpenGL.framework; sourceTree = "<absolute>"; };
		E45BE97A0E8CC7DD009D7055 /* QuickTime.framework */ = {isa = PBXFileReference; lastKnownFileType = wrapper.framework; name = QuickTime.framework; path = /System/Library/Frameworks/QuickTime.framework; sourceTree = "<absolute>"; };
		E4B69B5B0A3A1756003C02F2 /* OpenFrameworksOSXTestDebug.app */ = {isa = PBXFileReference; explicitFileType = wrapper.application; includeInIndex = 0; name = OpenFrameworksOSXTestDebug.app; path = "D&P - Bram de LeeuwDebug.app"; sourceTree = BUILT_PRODUCTS_DIR; };
		E4B69E1D0A3A1BDC003C02F2 /* main.cpp */ = {isa = PBXFileReference; fileEncoding = 30; lastKnownFileType = sourcecode.cpp.cpp; name = main.cpp; path = src/main.cpp; sourceTree = SOURCE_ROOT; };
		E4B69E1E0A3A1BDC003C02F2 /* ofApp.cpp */ = {isa = PBXFileReference; explicitFileType = sourcecode.cpp.cpp; fileEncoding = 30; name = ofApp.cpp; path = src/ofApp.cpp; sourceTree = SOURCE_ROOT; };
		E4B69E1F0A3A1BDC003C02F2 /* ofApp.h */ = {isa = PBXFileReference; fileEncoding = 30; lastKnownFileType = sourcecode.c.h; name = ofApp.h; path = src/ofApp.h; sourceTree = SOURCE_ROOT; };
		E4B6FCAD0C3E899E008CF71C /* openFrameworks-Info.plist */ = {isa = PBXFileReference; fileEncoding = 30; lastKnownFileType = text.plist.xml; path = "openFrameworks-Info.plist"; sourceTree = "<group>"; };
		E4C2424410CC5A17004149E2 /* AppKit.framework */ = {isa = PBXFileReference; lastKnownFileType = wrapper.framework; name = AppKit.framework; path = /System/Library/Frameworks/AppKit.framework; sourceTree = "<absolute>"; };
		E4C2424510CC5A17004149E2 /* Cocoa.framework */ = {isa = PBXFileReference; lastKnownFileType = wrapper.framework; name = Cocoa.framework; path = /System/Library/Frameworks/Cocoa.framework; sourceTree = "<absolute>"; };
		E4C2424610CC5A17004149E2 /* IOKit.framework */ = {isa = PBXFileReference; lastKnownFileType = wrapper.framework; name = IOKit.framework; path = /System/Library/Frameworks/IOKit.framework; sourceTree = "<absolute>"; };
		E4EB691F138AFCF100A09F29 /* CoreOF.xcconfig */ = {isa = PBXFileReference; fileEncoding = 4; lastKnownFileType = text.xcconfig; name = CoreOF.xcconfig; path = ../../Libs/of_v0.8.4_osx_release/libs/openFrameworksCompiled/project/osx/CoreOF.xcconfig; sourceTree = SOURCE_ROOT; };
		E4EB6923138AFD0F00A09F29 /* Project.xcconfig */ = {isa = PBXFileReference; fileEncoding = 4; lastKnownFileType = text.xcconfig; path = Project.xcconfig; sourceTree = "<group>"; };
		E7E077E415D3B63C0020DFD4 /* CoreVideo.framework */ = {isa = PBXFileReference; lastKnownFileType = wrapper.framework; name = CoreVideo.framework; path = /System/Library/Frameworks/CoreVideo.framework; sourceTree = "<absolute>"; };
		E7E077E715D3B6510020DFD4 /* QTKit.framework */ = {isa = PBXFileReference; lastKnownFileType = wrapper.framework; name = QTKit.framework; path = /System/Library/Frameworks/QTKit.framework; sourceTree = "<absolute>"; };
		E7F985F515E0DE99003869B5 /* Accelerate.framework */ = {isa = PBXFileReference; lastKnownFileType = wrapper.framework; name = Accelerate.framework; path = /System/Library/Frameworks/Accelerate.framework; sourceTree = "<absolute>"; };
		E829EC9480A1BB71FA44F7AA /* ofxSlider.h */ = {isa = PBXFileReference; explicitFileType = sourcecode.c.h; fileEncoding = 30; name = ofxSlider.h; path = ../../Libs/of_v0.8.4_osx_release/addons/ofxGui/src/ofxSlider.h; sourceTree = SOURCE_ROOT; };
		EB29FEAFC645F521EC1CFDBE /* ofxAssimpTexture.cpp */ = {isa = PBXFileReference; explicitFileType = sourcecode.cpp.cpp; fileEncoding = 30; name = ofxAssimpTexture.cpp; path = ../../Libs/of_v0.8.4_osx_release/addons/ofxAssimpModelLoader/src/ofxAssimpTexture.cpp; sourceTree = SOURCE_ROOT; };
		EBC6E96C008430F0CE13010C /* aiDefines.h */ = {isa = PBXFileReference; explicitFileType = sourcecode.c.h; fileEncoding = 30; name = aiDefines.h; path = ../../Libs/of_v0.8.4_osx_release/addons/ofxAssimpModelLoader/libs/assimp/include/aiDefines.h; sourceTree = SOURCE_ROOT; };
		EC0F5EF25C5AE4E6B6BAF645 /* ofxLabel.cpp */ = {isa = PBXFileReference; explicitFileType = sourcecode.cpp.cpp; fileEncoding = 30; name = ofxLabel.cpp; path = ../../Libs/of_v0.8.4_osx_release/addons/ofxGui/src/ofxLabel.cpp; sourceTree = SOURCE_ROOT; };
		F0A75FE9FC5751B9B20EA09F /* aiColor4D.h */ = {isa = PBXFileReference; explicitFileType = sourcecode.c.h; fileEncoding = 30; name = aiColor4D.h; path = ../../Libs/of_v0.8.4_osx_release/addons/ofxAssimpModelLoader/libs/assimp/include/aiColor4D.h; sourceTree = SOURCE_ROOT; };
		F706F40EF1A1EE82CEAE599F /* ofxTCPClient.cpp */ = {isa = PBXFileReference; explicitFileType = sourcecode.cpp.cpp; fileEncoding = 30; name = ofxTCPClient.cpp; path = ../../Libs/of_v0.8.4_osx_release/addons/ofxNetwork/src/ofxTCPClient.cpp; sourceTree = SOURCE_ROOT; };
		F90A183828EE37AA5E7011E0 /* LogStream.h */ = {isa = PBXFileReference; explicitFileType = sourcecode.c.h; fileEncoding = 30; name = LogStream.h; path = ../../Libs/of_v0.8.4_osx_release/addons/ofxAssimpModelLoader/libs/assimp/include/LogStream.h; sourceTree = SOURCE_ROOT; };
		FA000F829584842052F45A42 /* ofxBaseGui.cpp */ = {isa = PBXFileReference; explicitFileType = sourcecode.cpp.cpp; fileEncoding = 30; name = ofxBaseGui.cpp; path = ../../Libs/of_v0.8.4_osx_release/addons/ofxGui/src/ofxBaseGui.cpp; sourceTree = SOURCE_ROOT; };
		FA5F1153DCC97106D0C563A7 /* ofxToggle.h */ = {isa = PBXFileReference; explicitFileType = sourcecode.c.h; fileEncoding = 30; name = ofxToggle.h; path = ../../Libs/of_v0.8.4_osx_release/addons/ofxGui/src/ofxToggle.h; sourceTree = SOURCE_ROOT; };
/* End PBXFileReference section */

/* Begin PBXFrameworksBuildPhase section */
		E4B69B590A3A1756003C02F2 /* Frameworks */ = {
			isa = PBXFrameworksBuildPhase;
			buildActionMask = 2147483647;
			files = (
				E7F985F815E0DEA3003869B5 /* Accelerate.framework in Frameworks */,
				E7E077E815D3B6510020DFD4 /* QTKit.framework in Frameworks */,
				E4EB6799138ADC1D00A09F29 /* GLUT.framework in Frameworks */,
				E4328149138ABC9F0047C5CB /* openFrameworksDebug.a in Frameworks */,
				E45BE97B0E8CC7DD009D7055 /* AGL.framework in Frameworks */,
				E45BE97C0E8CC7DD009D7055 /* ApplicationServices.framework in Frameworks */,
				E45BE97D0E8CC7DD009D7055 /* AudioToolbox.framework in Frameworks */,
				E45BE97F0E8CC7DD009D7055 /* CoreAudio.framework in Frameworks */,
				E45BE9800E8CC7DD009D7055 /* CoreFoundation.framework in Frameworks */,
				E45BE9810E8CC7DD009D7055 /* CoreServices.framework in Frameworks */,
				E45BE9830E8CC7DD009D7055 /* OpenGL.framework in Frameworks */,
				E45BE9840E8CC7DD009D7055 /* QuickTime.framework in Frameworks */,
				E4C2424710CC5A17004149E2 /* AppKit.framework in Frameworks */,
				E4C2424810CC5A17004149E2 /* Cocoa.framework in Frameworks */,
				E4C2424910CC5A17004149E2 /* IOKit.framework in Frameworks */,
				E7E077E515D3B63C0020DFD4 /* CoreVideo.framework in Frameworks */,
			);
			runOnlyForDeploymentPostprocessing = 0;
		};
/* End PBXFrameworksBuildPhase section */

/* Begin PBXGroup section */
		0F437E4761003E66B16524BE /* libs */ = {
			isa = PBXGroup;
			children = (
				8759CCADA1F77D79BC1BB040 /* CreEPS.cpp */,
				5F2C33F1FB42A8B23F3A413C /* CreEPS.hpp */,
				B21BCFCE695E638BCE47B0DC /* CreEPS_Types.hpp */,
			);
			name = libs;
			sourceTree = "<group>";
		};
		18240ECCE4076FB0833A8578 /* ofxNetwork */ = {
			isa = PBXGroup;
			children = (
				219374A14594D121F27FED3A /* src */,
			);
			name = ofxNetwork;
			sourceTree = "<group>";
		};
		2103EA9F1A9BE69A005FCC2D /* ofxBlurShader */ = {
			isa = PBXGroup;
			children = (
				2103EAA01A9BE6B4005FCC2D /* ofxBlurShader.cpp */,
				2103EAA11A9BE6B4005FCC2D /* ofxBlurShader.h */,
			);
			name = ofxBlurShader;
			sourceTree = "<group>";
		};
		2103EAA31A9BE974005FCC2D /* ofxAnimatable */ = {
			isa = PBXGroup;
			children = (
				2103EAA41A9BE97C005FCC2D /* src */,
			);
			name = ofxAnimatable;
			sourceTree = "<group>";
		};
		2103EAA41A9BE97C005FCC2D /* src */ = {
			isa = PBXGroup;
			children = (
				2103EAA51A9BE999005FCC2D /* ofxAnimatable.cpp */,
				2103EAA61A9BE999005FCC2D /* ofxAnimatable.h */,
				2103EAA71A9BE999005FCC2D /* ofxAnimatableFloat.cpp */,
				2103EAA81A9BE999005FCC2D /* ofxAnimatableFloat.h */,
				2103EAA91A9BE999005FCC2D /* ofxAnimatableOfColor.cpp */,
				2103EAAA1A9BE999005FCC2D /* ofxAnimatableOfColor.h */,
				2103EAAB1A9BE999005FCC2D /* ofxAnimatableOfPoint.cpp */,
				2103EAAC1A9BE999005FCC2D /* ofxAnimatableOfPoint.h */,
			);
			name = src;
			sourceTree = "<group>";
		};
		219374A14594D121F27FED3A /* src */ = {
			isa = PBXGroup;
			children = (
				3168D09379B586C2D8BCB3EC /* ofxNetwork.h */,
				4D83BEE251EB8F8D7A9CA6AE /* ofxNetworkUtils.h */,
				F706F40EF1A1EE82CEAE599F /* ofxTCPClient.cpp */,
				501EE17D2C538E577F7D6873 /* ofxTCPClient.h */,
				616520EA5B0392F4D6967874 /* ofxTCPManager.cpp */,
				86733C7607BB3E95B32B9592 /* ofxTCPManager.h */,
				1DE04911DB4C867BD92C3E54 /* ofxTCPServer.cpp */,
				53D52159C9B3ADF46933204C /* ofxTCPServer.h */,
				7CED61F6F90DE43944CE7511 /* ofxUDPManager.cpp */,
				0C3BD27F3605AFD52D532858 /* ofxUDPManager.h */,
			);
			name = src;
			sourceTree = "<group>";
		};
		21ADB25D1A9CE75D0056B5C6 /* ofxFboBlur */ = {
			isa = PBXGroup;
			children = (
				21ADB25E1A9CE7670056B5C6 /* src */,
			);
			name = ofxFboBlur;
			sourceTree = "<group>";
		};
		21ADB25E1A9CE7670056B5C6 /* src */ = {
			isa = PBXGroup;
			children = (
				21ADB25F1A9CE7800056B5C6 /* ofxFboBlur.h */,
			);
			name = src;
			sourceTree = "<group>";
		};
		21AF49A31AA2124200C09948 /* data */ = {
			isa = PBXGroup;
			children = (
				21AF49B91AA35A2200C09948 /* fonts */,
				21AF49A41AA3597C00C09948 /* slideimages */,
			);
			name = data;
			sourceTree = "<group>";
		};
		21AF49A41AA3597C00C09948 /* slideimages */ = {
			isa = PBXGroup;
			children = (
				21AF49BA1AA35A3200C09948 /* 02.png */,
				21AF49BB1AA35A3200C09948 /* 03.png */,
				21AF49BC1AA35A3200C09948 /* 04.png */,
				21AF49BD1AA35A3200C09948 /* 05.png */,
				21AF49BE1AA35A3200C09948 /* 06.png */,
				21AF49C91AA4946600C09948 /* 07.png */,
				21AF49CA1AA4946600C09948 /* 08.png */,
				21AF49CB1AA4946600C09948 /* 09.png */,
			);
			name = slideimages;
			path = bin/data/slideimages;
			sourceTree = "<group>";
		};
		21AF49B91AA35A2200C09948 /* fonts */ = {
			isa = PBXGroup;
			children = (
				21AF49BF1AA35A3200C09948 /* input-bold.ttf */,
				21AF49C01AA35A3200C09948 /* input-regular.ttf */,
			);
			name = fonts;
			sourceTree = "<group>";
		};
		21D89E711A8A62E900161C31 /* src */ = {
			isa = PBXGroup;
			children = (
				21D89E7E1A8B9BF700161C31 /* ofxTimer.cpp */,
				21D89E7F1A8B9BF700161C31 /* ofxTimer.h */,
			);
			name = src;
			path = ../../Libs/of_v0.8.4_osx_release/addons/ofxTimer/src;
			sourceTree = "<group>";
		};
		21D89E761A8A62F600161C31 /* ofxTimer */ = {
			isa = PBXGroup;
			children = (
				21D89E711A8A62E900161C31 /* src */,
			);
			name = ofxTimer;
			sourceTree = "<group>";
		};
		21D89E8F1A8DF5AD00161C31 /* ofxObjLoader */ = {
			isa = PBXGroup;
			children = (
				21D89E911A8DF5C600161C31 /* libs */,
				21D89E901A8DF5BD00161C31 /* src */,
			);
			name = ofxObjLoader;
			sourceTree = "<group>";
		};
		21D89E901A8DF5BD00161C31 /* src */ = {
			isa = PBXGroup;
			children = (
				21D89E951A8DF5FA00161C31 /* ofxObjLoader.cpp */,
				21D89E961A8DF5FA00161C31 /* ofxObjLoader.h */,
			);
			name = src;
			sourceTree = "<group>";
		};
		21D89E911A8DF5C600161C31 /* libs */ = {
			isa = PBXGroup;
			children = (
				21D89E921A8DF5E600161C31 /* glm.c */,
				21D89E931A8DF5E600161C31 /* glm.h */,
			);
			name = libs;
			sourceTree = "<group>";
		};
		2C8F245ACBE61E28646C17F2 /* ofxAssimpModelLoader */ = {
			isa = PBXGroup;
			children = (
				9D99F547CA5C0ECCB9EB9806 /* src */,
				C721A9AF1157766AFE54645E /* libs */,
			);
			name = ofxAssimpModelLoader;
			sourceTree = "<group>";
		};
		3801B04C72ADFE74ED284693 /* src */ = {
			isa = PBXGroup;
			children = (
				E3BFE134FAA87ED1771ED52C /* ofxVectorGraphics.cpp */,
				4AED5128C93D6A1270A1F79E /* ofxVectorGraphics.h */,
			);
			name = src;
			sourceTree = "<group>";
		};
		480A780D8D0308AE4A368801 /* ofxGui */ = {
			isa = PBXGroup;
			children = (
				A763ED608B35AE3310251DEE /* src */,
			);
			name = ofxGui;
			sourceTree = "<group>";
		};
		59905D957FDE48902CF1F729 /* assimp */ = {
			isa = PBXGroup;
			children = (
				EEFDD7AE0009AE6F77EF2A93 /* include */,
			);
			name = assimp;
			sourceTree = "<group>";
		};
		916B8DF9E7519F5BB8A2990B /* ofxVectorGraphics */ = {
			isa = PBXGroup;
			children = (
				3801B04C72ADFE74ED284693 /* src */,
				0F437E4761003E66B16524BE /* libs */,
			);
			name = ofxVectorGraphics;
			sourceTree = "<group>";
		};
		93A9152986A73DA32DBD7964 /* Compiler */ = {
			isa = PBXGroup;
			children = (
				A11CF0BD41B45C98C0ED335F /* poppack1.h */,
				DEB79323CBA7916E04AB729F /* pushpack1.h */,
			);
			name = Compiler;
			sourceTree = "<group>";
		};
		9D99F547CA5C0ECCB9EB9806 /* src */ = {
			isa = PBXGroup;
			children = (
				8E1EAEC166A612121380977E /* ofxAssimpAnimation.cpp */,
				CBB4F8E8FBC517E182C3C035 /* ofxAssimpAnimation.h */,
				C40D18898F51C6E4A9C2A7EA /* ofxAssimpMeshHelper.cpp */,
				89A945786A43C91C285A5551 /* ofxAssimpMeshHelper.h */,
				8ABD00D70F91DBC9A172EA7B /* ofxAssimpModelLoader.cpp */,
				B8E5C3DFEB178AEF7F9B31FB /* ofxAssimpModelLoader.h */,
				EB29FEAFC645F521EC1CFDBE /* ofxAssimpTexture.cpp */,
				6C3AC08D393F39219113FFB2 /* ofxAssimpTexture.h */,
				4983EFF220C797FA68E79AA6 /* ofxAssimpUtils.h */,
			);
			name = src;
			sourceTree = "<group>";
		};
		9F66160B6D853AA730F370C2 /* ofx3DModelLoader */ = {
			isa = PBXGroup;
			children = (
				E8D037DDFDFB2EC263740AC3 /* src */,
			);
			name = ofx3DModelLoader;
			sourceTree = "<group>";
		};
		A763ED608B35AE3310251DEE /* src */ = {
			isa = PBXGroup;
			children = (
				FA000F829584842052F45A42 /* ofxBaseGui.cpp */,
				D71D4329C54F26E08C19AB54 /* ofxBaseGui.h */,
				9B9ECC2022EF78B79DAF5A05 /* ofxButton.cpp */,
				53B7087353902CDDD9C56F6C /* ofxButton.h */,
				9166B2E330D6A0C520A56537 /* ofxGui.h */,
				D5CD39BBDEBF1913F521988E /* ofxGuiGroup.cpp */,
				2460A733A50E42D96C09EE48 /* ofxGuiGroup.h */,
				EC0F5EF25C5AE4E6B6BAF645 /* ofxLabel.cpp */,
				543143535B1512D3861F0AEC /* ofxLabel.h */,
				3839EDDFAA8217AFA4CB1F0E /* ofxPanel.cpp */,
				7C1B38B53542DF024146F568 /* ofxPanel.h */,
				0048E26CD8440CB4235AF1F9 /* ofxSlider.cpp */,
				E829EC9480A1BB71FA44F7AA /* ofxSlider.h */,
				A9A19AE2982815001D3C7E89 /* ofxSliderGroup.cpp */,
				54D16335FF0C76568FDAB7BF /* ofxSliderGroup.h */,
				92DD7C83790AC8296691E363 /* ofxToggle.cpp */,
				FA5F1153DCC97106D0C563A7 /* ofxToggle.h */,
			);
			name = src;
			sourceTree = "<group>";
		};
		BB4B014C10F69532006C3DED /* addons */ = {
			isa = PBXGroup;
			children = (
				21ADB25D1A9CE75D0056B5C6 /* ofxFboBlur */,
				2103EAA31A9BE974005FCC2D /* ofxAnimatable */,
				2103EA9F1A9BE69A005FCC2D /* ofxBlurShader */,
				21D89E8F1A8DF5AD00161C31 /* ofxObjLoader */,
				21D89E761A8A62F600161C31 /* ofxTimer */,
				9F66160B6D853AA730F370C2 /* ofx3DModelLoader */,
				2C8F245ACBE61E28646C17F2 /* ofxAssimpModelLoader */,
				480A780D8D0308AE4A368801 /* ofxGui */,
				18240ECCE4076FB0833A8578 /* ofxNetwork */,
				916B8DF9E7519F5BB8A2990B /* ofxVectorGraphics */,
			);
			name = addons;
			sourceTree = "<group>";
		};
		BBAB23C913894ECA00AA2426 /* system frameworks */ = {
			isa = PBXGroup;
			children = (
				E7F985F515E0DE99003869B5 /* Accelerate.framework */,
				E4C2424410CC5A17004149E2 /* AppKit.framework */,
				E4C2424510CC5A17004149E2 /* Cocoa.framework */,
				E4C2424610CC5A17004149E2 /* IOKit.framework */,
				E45BE9710E8CC7DD009D7055 /* AGL.framework */,
				E45BE9720E8CC7DD009D7055 /* ApplicationServices.framework */,
				E45BE9730E8CC7DD009D7055 /* AudioToolbox.framework */,
				E45BE9750E8CC7DD009D7055 /* CoreAudio.framework */,
				E45BE9760E8CC7DD009D7055 /* CoreFoundation.framework */,
				E45BE9770E8CC7DD009D7055 /* CoreServices.framework */,
				E45BE9790E8CC7DD009D7055 /* OpenGL.framework */,
				E45BE97A0E8CC7DD009D7055 /* QuickTime.framework */,
				E7E077E415D3B63C0020DFD4 /* CoreVideo.framework */,
				E7E077E715D3B6510020DFD4 /* QTKit.framework */,
			);
			name = "system frameworks";
			sourceTree = "<group>";
		};
		BBAB23CA13894EDB00AA2426 /* 3rd party frameworks */ = {
			isa = PBXGroup;
			children = (
				BBAB23BE13894E4700AA2426 /* GLUT.framework */,
			);
			name = "3rd party frameworks";
			sourceTree = "<group>";
		};
		C721A9AF1157766AFE54645E /* libs */ = {
			isa = PBXGroup;
			children = (
				59905D957FDE48902CF1F729 /* assimp */,
			);
			name = libs;
			sourceTree = "<group>";
		};
		E4328144138ABC890047C5CB /* Products */ = {
			isa = PBXGroup;
			children = (
				E4328148138ABC890047C5CB /* openFrameworksDebug.a */,
			);
			name = Products;
			sourceTree = "<group>";
		};
		E45BE5980E8CC70C009D7055 /* frameworks */ = {
			isa = PBXGroup;
			children = (
				BBAB23CA13894EDB00AA2426 /* 3rd party frameworks */,
				BBAB23C913894ECA00AA2426 /* system frameworks */,
			);
			name = frameworks;
			sourceTree = "<group>";
		};
		E4B69B4A0A3A1720003C02F2 = {
			isa = PBXGroup;
			children = (
				21AF49A31AA2124200C09948 /* data */,
				E4B6FCAD0C3E899E008CF71C /* openFrameworks-Info.plist */,
				E4EB6923138AFD0F00A09F29 /* Project.xcconfig */,
				E4B69E1C0A3A1BDC003C02F2 /* src */,
				E4EEC9E9138DF44700A80321 /* openFrameworks */,
				BB4B014C10F69532006C3DED /* addons */,
				E45BE5980E8CC70C009D7055 /* frameworks */,
				E4B69B5B0A3A1756003C02F2 /* OpenFrameworksOSXTestDebug.app */,
			);
			sourceTree = "<group>";
		};
		E4B69E1C0A3A1BDC003C02F2 /* src */ = {
			isa = PBXGroup;
			children = (
				E4B69E1E0A3A1BDC003C02F2 /* ofApp.cpp */,
				E4B69E1F0A3A1BDC003C02F2 /* ofApp.h */,
				2103EA991A9698CA005FCC2D /* ofAnimatedImage.cpp */,
				2103EA9A1A9698CA005FCC2D /* ofAnimatedImage.h */,
				21D89E771A8A659200161C31 /* ofSpinner.cpp */,
				21D89E781A8A659200161C31 /* ofSpinner.h */,
				21D89E811A8BD0E000161C31 /* ofProgressBar.cpp */,
				21D89E821A8BD0E000161C31 /* ofProgressBar.h */,
				21D89E841A8BDA0B00161C31 /* ofSlideIndicator.cpp */,
				21D89E851A8BDA0B00161C31 /* ofSlideIndicator.h */,
				21D89E881A8D0D1E00161C31 /* ofSculptureViewer.cpp */,
				21D89E891A8D0D1E00161C31 /* ofSculptureViewer.h */,
				21ADB2601A9D143B0056B5C6 /* ofSlideImage.cpp */,
				21ADB2611A9D143B0056B5C6 /* ofSlideImage.h */,
				2103EA9C1A9BCAEA005FCC2D /* ofSlideTitle.cpp */,
				2103EA9D1A9BCAEA005FCC2D /* ofSlideTitle.h */,
				21AF49981A9F2D8100C09948 /* ofSlide.cpp */,
				21AF49971A9F2D6D00C09948 /* ofSlide.h */,
				21AF499A1A9F2EE100C09948 /* ofSlideManager.cpp */,
				21AF499B1A9F2EE100C09948 /* ofSlideManager.h */,
				21508EC41A93C32800C2D8CE /* ofSniffer.cpp */,
				21508EC51A93C32800C2D8CE /* ofSniffer.h */,
				E4B69E1D0A3A1BDC003C02F2 /* main.cpp */,
			);
			path = src;
			sourceTree = SOURCE_ROOT;
		};
		E4EEC9E9138DF44700A80321 /* openFrameworks */ = {
			isa = PBXGroup;
			children = (
				E4EB691F138AFCF100A09F29 /* CoreOF.xcconfig */,
				E4328143138ABC890047C5CB /* openFrameworksLib.xcodeproj */,
			);
			name = openFrameworks;
			sourceTree = "<group>";
		};
		E8D037DDFDFB2EC263740AC3 /* src */ = {
			isa = PBXGroup;
			children = (
				ED90198659E5967FB2EA39D7 /* 3DS */,
				1789E6B6A8C11CA1468759BB /* ofx3DBaseLoader.h */,
				A255E89B5F8EA5E82751141A /* ofx3dModelLoader.cpp */,
				B794F9CB135C190D6CF466B7 /* ofx3DModelLoader.h */,
			);
			name = src;
			sourceTree = "<group>";
		};
		ED90198659E5967FB2EA39D7 /* 3DS */ = {
			isa = PBXGroup;
			children = (
				C7D026626335B75CDA95F643 /* model3DS.cpp */,
				2FBD59576474972992E0F5C4 /* model3DS.h */,
				B01C96D661085A691FCC050A /* texture3DS.cpp */,
				ADDF2E563B84904AF72CE7F2 /* texture3DS.h */,
				B8008576B4892DEACD6A3DB0 /* Vector3DS.h */,
			);
			name = 3DS;
			sourceTree = "<group>";
		};
		EEFDD7AE0009AE6F77EF2A93 /* include */ = {
			isa = PBXGroup;
			children = (
				33A29015BCE57950BD5B6AD1 /* aiAnim.h */,
				6E81054D0CB2DCF7E1EB36FD /* aiAssert.h */,
				B6DB2C2538304E24C0FB58F8 /* aiCamera.h */,
				F0A75FE9FC5751B9B20EA09F /* aiColor4D.h */,
				6B8B5B1A77B568D41E5FA88B /* aiConfig.h */,
				EBC6E96C008430F0CE13010C /* aiDefines.h */,
				84436EE23688563C97DE7B09 /* aiFileIO.h */,
				833C328422231BF79EE17C0F /* aiLight.h */,
				3446468CBE3AAD4273BB3044 /* aiMaterial.h */,
				1E47223169425006CD348330 /* aiMatrix3x3.h */,
				C852E1F80D8CAAC277CC2D7D /* aiMatrix4x4.h */,
				62BB600AA9E1F950854B0055 /* aiMesh.h */,
				344A1D1B92FE2F586A3F99E5 /* aiPostProcess.h */,
				E35E717007B21DB3D094C4E0 /* aiQuaternion.h */,
				6EFEB8100038CCDE684A9E83 /* aiScene.h */,
				D871A7D65B91ED0747DE9A6A /* aiTexture.h */,
				904FEF75D8DAAED40FC402FE /* aiTypes.h */,
				AD871A58B98E2106DFF4D3D6 /* aiVector2D.h */,
				63323C2742DE28CEB4B2C97A /* aiVector3D.h */,
				786E926935B0AD90398BB841 /* aiVersion.h */,
				CE813A836002145D0F5CD0FF /* assimp.h */,
				D7FB62950E58547CC74DE467 /* assimp.hpp */,
				93A9152986A73DA32DBD7964 /* Compiler */,
				53E51EEE18200EA40A49E73E /* DefaultLogger.h */,
				BA83C7C9E329C6E631B0F4E6 /* IOStream.h */,
				81C4685AC7C26110419A3C22 /* IOSystem.h */,
				AA89B0C130CFC79819FCD5DF /* Logger.h */,
				F90A183828EE37AA5E7011E0 /* LogStream.h */,
				116C17DCC82CA9D291A981CB /* NullLogger.h */,
				0B7D8D21D0A9963C36178395 /* ProgressHandler.h */,
			);
			name = include;
			sourceTree = "<group>";
		};
/* End PBXGroup section */

/* Begin PBXNativeTarget section */
		E4B69B5A0A3A1756003C02F2 /* D&P - Bram de Leeuw */ = {
			isa = PBXNativeTarget;
			buildConfigurationList = E4B69B5F0A3A1757003C02F2 /* Build configuration list for PBXNativeTarget "D&P - Bram de Leeuw" */;
			buildPhases = (
				E4B69B580A3A1756003C02F2 /* Sources */,
				E4B69B590A3A1756003C02F2 /* Frameworks */,
				E4B6FFFD0C3F9AB9008CF71C /* ShellScript */,
				E4C2427710CC5ABF004149E2 /* Copy Files */,
			);
			buildRules = (
			);
			dependencies = (
				E4EEB9AC138B136A00A80321 /* PBXTargetDependency */,
			);
			name = "D&P - Bram de Leeuw";
			productName = myOFApp;
			productReference = E4B69B5B0A3A1756003C02F2 /* OpenFrameworksOSXTestDebug.app */;
			productType = "com.apple.product-type.application";
		};
/* End PBXNativeTarget section */

/* Begin PBXProject section */
		E4B69B4C0A3A1720003C02F2 /* Project object */ = {
			isa = PBXProject;
			attributes = {
				LastUpgradeCheck = 0460;
				TargetAttributes = {
					E4B69B5A0A3A1756003C02F2 = {
						SystemCapabilities = {
							com.apple.Sandbox = {
								enabled = 0;
							};
						};
					};
				};
			};
			buildConfigurationList = E4B69B4D0A3A1720003C02F2 /* Build configuration list for PBXProject "D&P - Bram de Leeuw" */;
			compatibilityVersion = "Xcode 3.2";
			developmentRegion = English;
			hasScannedForEncodings = 0;
			knownRegions = (
				English,
				Japanese,
				French,
				German,
			);
			mainGroup = E4B69B4A0A3A1720003C02F2;
			productRefGroup = E4B69B4A0A3A1720003C02F2;
			projectDirPath = "";
			projectReferences = (
				{
					ProductGroup = E4328144138ABC890047C5CB /* Products */;
					ProjectRef = E4328143138ABC890047C5CB /* openFrameworksLib.xcodeproj */;
				},
			);
			projectRoot = "";
			targets = (
				E4B69B5A0A3A1756003C02F2 /* D&P - Bram de Leeuw */,
			);
		};
/* End PBXProject section */

/* Begin PBXReferenceProxy section */
		E4328148138ABC890047C5CB /* openFrameworksDebug.a */ = {
			isa = PBXReferenceProxy;
			fileType = archive.ar;
			path = openFrameworksDebug.a;
			remoteRef = E4328147138ABC890047C5CB /* PBXContainerItemProxy */;
			sourceTree = BUILT_PRODUCTS_DIR;
		};
/* End PBXReferenceProxy section */

/* Begin PBXShellScriptBuildPhase section */
		E4B6FFFD0C3F9AB9008CF71C /* ShellScript */ = {
			isa = PBXShellScriptBuildPhase;
			buildActionMask = 2147483647;
			files = (
			);
			inputPaths = (
			);
			outputPaths = (
			);
			runOnlyForDeploymentPostprocessing = 0;
			shellPath = /bin/sh;
			shellScript = "cp -f ../../Libs/of_v0.8.4_osx_release/libs/fmodex/lib/osx/libfmodex.dylib \"$TARGET_BUILD_DIR/$PRODUCT_NAME.app/Contents/MacOS/libfmodex.dylib\"; install_name_tool -change ./libfmodex.dylib @executable_path/libfmodex.dylib \"$TARGET_BUILD_DIR/$PRODUCT_NAME.app/Contents/MacOS/$PRODUCT_NAME\";\nmkdir -p \"$TARGET_BUILD_DIR/$PRODUCT_NAME.app/Contents/Resources/\"\ncp -f \"$ICON_FILE\" \"$TARGET_BUILD_DIR/$PRODUCT_NAME.app/Contents/Resources/\"\n";
		};
/* End PBXShellScriptBuildPhase section */

/* Begin PBXSourcesBuildPhase section */
		E4B69B580A3A1756003C02F2 /* Sources */ = {
			isa = PBXSourcesBuildPhase;
			buildActionMask = 2147483647;
			files = (
				E4B69E200A3A1BDC003C02F2 /* main.cpp in Sources */,
				E4B69E210A3A1BDC003C02F2 /* ofApp.cpp in Sources */,
				21D89E8A1A8D0D1E00161C31 /* ofSculptureViewer.cpp in Sources */,
				2C23B47EBF6DC9A9FE1BE99F /* model3DS.cpp in Sources */,
				D5BE41C7C243194C6BCB43DA /* texture3DS.cpp in Sources */,
				11032A9C7B676D6BDC5EBCA5 /* ofx3dModelLoader.cpp in Sources */,
				21D89E861A8BDA0B00161C31 /* ofSlideIndicator.cpp in Sources */,
				2103EAB01A9BE999005FCC2D /* ofxAnimatableOfPoint.cpp in Sources */,
				21D89E791A8A659200161C31 /* ofSpinner.cpp in Sources */,
				21ADB2621A9D143B0056B5C6 /* ofSlideImage.cpp in Sources */,
				21D89E971A8DF5FA00161C31 /* ofxObjLoader.cpp in Sources */,
				2103EAA21A9BE6B4005FCC2D /* ofxBlurShader.cpp in Sources */,
				456A6BD7B4A5718FECEEF1D7 /* ofxAssimpAnimation.cpp in Sources */,
				21AF499C1A9F2EE100C09948 /* ofSlideManager.cpp in Sources */,
				2103EAAD1A9BE999005FCC2D /* ofxAnimatable.cpp in Sources */,
				0A2E7DF3156849C0F0DCA208 /* ofxAssimpMeshHelper.cpp in Sources */,
				21D89E941A8DF5E600161C31 /* glm.c in Sources */,
				BFCAD4B78BA542461C3F76B5 /* ofxAssimpModelLoader.cpp in Sources */,
				D9446B36A6ADF8D8E1DAD8EE /* ofxAssimpTexture.cpp in Sources */,
				21AF49991A9F2D8100C09948 /* ofSlide.cpp in Sources */,
				166689985CC986E7FA80B075 /* ofxBaseGui.cpp in Sources */,
				101B63C0A0ABC9A070367D66 /* ofxButton.cpp in Sources */,
				21D89E801A8B9BF700161C31 /* ofxTimer.cpp in Sources */,
				9B52F9A640FCFC95D1213493 /* ofxGuiGroup.cpp in Sources */,
				E54507412469F182A2278A83 /* ofxLabel.cpp in Sources */,
				CE1DE63D17374BCE4471F940 /* ofxPanel.cpp in Sources */,
				C6AD90DF92A88969B000E139 /* ofxSlider.cpp in Sources */,
				2103EAAF1A9BE999005FCC2D /* ofxAnimatableOfColor.cpp in Sources */,
				505F9F7F7DBF1D548465B5A4 /* ofxSliderGroup.cpp in Sources */,
				21508EC61A93C32800C2D8CE /* ofSniffer.cpp in Sources */,
				4EDF9A1F5BA38B064FC8E49F /* ofxToggle.cpp in Sources */,
				2103EA9E1A9BCAEA005FCC2D /* ofSlideTitle.cpp in Sources */,
				FD713D3A8B43C6F77152A72B /* ofxTCPClient.cpp in Sources */,
				2103EAAE1A9BE999005FCC2D /* ofxAnimatableFloat.cpp in Sources */,
				497E6425A1C99E70CD723D92 /* ofxTCPManager.cpp in Sources */,
				263BE728163BB0A0DF13E722 /* ofxTCPServer.cpp in Sources */,
				37E3F1E90FEA69705D41EF36 /* ofxUDPManager.cpp in Sources */,
				67FFC7A9FDB20CE6E01E34E0 /* ofxVectorGraphics.cpp in Sources */,
				438B06EC00B19D6A71819CEB /* CreEPS.cpp in Sources */,
				21D89E831A8BD0E000161C31 /* ofProgressBar.cpp in Sources */,
				2103EA9B1A9698CA005FCC2D /* ofAnimatedImage.cpp in Sources */,
			);
			runOnlyForDeploymentPostprocessing = 0;
		};
/* End PBXSourcesBuildPhase section */

/* Begin PBXTargetDependency section */
		E4EEB9AC138B136A00A80321 /* PBXTargetDependency */ = {
			isa = PBXTargetDependency;
			name = openFrameworks;
			targetProxy = E4EEB9AB138B136A00A80321 /* PBXContainerItemProxy */;
		};
/* End PBXTargetDependency section */

/* Begin XCBuildConfiguration section */
		E4B69B4E0A3A1720003C02F2 /* Debug */ = {
			isa = XCBuildConfiguration;
			baseConfigurationReference = E4EB6923138AFD0F00A09F29 /* Project.xcconfig */;
			buildSettings = {
				ARCHS = "$(NATIVE_ARCH)";
				CONFIGURATION_BUILD_DIR = "$(SRCROOT)/bin/";
				COPY_PHASE_STRIP = NO;
				DEAD_CODE_STRIPPING = YES;
				GCC_AUTO_VECTORIZATION = YES;
				GCC_ENABLE_SSE3_EXTENSIONS = YES;
				GCC_ENABLE_SUPPLEMENTAL_SSE3_INSTRUCTIONS = YES;
				GCC_INLINES_ARE_PRIVATE_EXTERN = NO;
				GCC_OPTIMIZATION_LEVEL = 0;
				GCC_SYMBOLS_PRIVATE_EXTERN = NO;
				GCC_WARN_ABOUT_DEPRECATED_FUNCTIONS = YES;
				GCC_WARN_ABOUT_INVALID_OFFSETOF_MACRO = NO;
				GCC_WARN_ALLOW_INCOMPLETE_PROTOCOL = NO;
				GCC_WARN_UNINITIALIZED_AUTOS = NO;
				GCC_WARN_UNUSED_VALUE = NO;
				GCC_WARN_UNUSED_VARIABLE = NO;
				HEADER_SEARCH_PATHS = (
					"$(OF_CORE_HEADERS)",
					../../Libs/of_v0.8.4_osx_release/addons/ofx3DModelLoader/libs,
					../../Libs/of_v0.8.4_osx_release/addons/ofx3DModelLoader/src,
					../../Libs/of_v0.8.4_osx_release/addons/ofx3DModelLoader/src/3DS,
					../../Libs/of_v0.8.4_osx_release/addons/ofxAssimpModelLoader/libs,
					../../Libs/of_v0.8.4_osx_release/addons/ofxAssimpModelLoader/libs/assimp,
					../../Libs/of_v0.8.4_osx_release/addons/ofxAssimpModelLoader/libs/assimp/include,
					../../Libs/of_v0.8.4_osx_release/addons/ofxAssimpModelLoader/libs/assimp/include/Compiler,
					../../Libs/of_v0.8.4_osx_release/addons/ofxAssimpModelLoader/libs/assimp/lib,
					../../Libs/of_v0.8.4_osx_release/addons/ofxAssimpModelLoader/libs/assimp/lib/osx,
					../../Libs/of_v0.8.4_osx_release/addons/ofxAssimpModelLoader/src,
					../../Libs/of_v0.8.4_osx_release/addons/ofxGui/libs,
					../../Libs/of_v0.8.4_osx_release/addons/ofxGui/src,
					../../Libs/of_v0.8.4_osx_release/addons/ofxNetwork/libs,
					../../Libs/of_v0.8.4_osx_release/addons/ofxNetwork/src,
					../../Libs/of_v0.8.4_osx_release/addons/ofxVectorGraphics/libs,
					../../Libs/of_v0.8.4_osx_release/addons/ofxVectorGraphics/src,
				);
				MACOSX_DEPLOYMENT_TARGET = 10.6;
				OTHER_CPLUSPLUSFLAGS = (
					"-D__MACOSX_CORE__",
					"-lpthread",
					"-mtune=native",
				);
				OTHER_LDFLAGS = (
					"$(OF_CORE_LIBS)",
					../../Libs/of_v0.8.4_osx_release/addons/ofxAssimpModelLoader/libs/assimp/lib/osx/assimp.a,
				);
				SDKROOT = macosx;
			};
			name = Debug;
		};
		E4B69B4F0A3A1720003C02F2 /* Release */ = {
			isa = XCBuildConfiguration;
			baseConfigurationReference = E4EB6923138AFD0F00A09F29 /* Project.xcconfig */;
			buildSettings = {
				ARCHS = "$(NATIVE_ARCH)";
				CONFIGURATION_BUILD_DIR = "$(SRCROOT)/bin/";
				COPY_PHASE_STRIP = YES;
				DEAD_CODE_STRIPPING = YES;
				GCC_AUTO_VECTORIZATION = YES;
				GCC_ENABLE_SSE3_EXTENSIONS = YES;
				GCC_ENABLE_SUPPLEMENTAL_SSE3_INSTRUCTIONS = YES;
				GCC_INLINES_ARE_PRIVATE_EXTERN = NO;
				GCC_OPTIMIZATION_LEVEL = 3;
				GCC_SYMBOLS_PRIVATE_EXTERN = NO;
				GCC_UNROLL_LOOPS = YES;
				GCC_WARN_ABOUT_DEPRECATED_FUNCTIONS = YES;
				GCC_WARN_ABOUT_INVALID_OFFSETOF_MACRO = NO;
				GCC_WARN_ALLOW_INCOMPLETE_PROTOCOL = NO;
				GCC_WARN_UNINITIALIZED_AUTOS = NO;
				GCC_WARN_UNUSED_VALUE = NO;
				GCC_WARN_UNUSED_VARIABLE = NO;
				HEADER_SEARCH_PATHS = (
					"$(OF_CORE_HEADERS)",
					../../Libs/of_v0.8.4_osx_release/addons/ofx3DModelLoader/libs,
					../../Libs/of_v0.8.4_osx_release/addons/ofx3DModelLoader/src,
					../../Libs/of_v0.8.4_osx_release/addons/ofx3DModelLoader/src/3DS,
					../../Libs/of_v0.8.4_osx_release/addons/ofxAssimpModelLoader/libs,
					../../Libs/of_v0.8.4_osx_release/addons/ofxAssimpModelLoader/libs/assimp,
					../../Libs/of_v0.8.4_osx_release/addons/ofxAssimpModelLoader/libs/assimp/include,
					../../Libs/of_v0.8.4_osx_release/addons/ofxAssimpModelLoader/libs/assimp/include/Compiler,
					../../Libs/of_v0.8.4_osx_release/addons/ofxAssimpModelLoader/libs/assimp/lib,
					../../Libs/of_v0.8.4_osx_release/addons/ofxAssimpModelLoader/libs/assimp/lib/osx,
					../../Libs/of_v0.8.4_osx_release/addons/ofxAssimpModelLoader/src,
					../../Libs/of_v0.8.4_osx_release/addons/ofxGui/libs,
					../../Libs/of_v0.8.4_osx_release/addons/ofxGui/src,
					../../Libs/of_v0.8.4_osx_release/addons/ofxNetwork/libs,
					../../Libs/of_v0.8.4_osx_release/addons/ofxNetwork/src,
					../../Libs/of_v0.8.4_osx_release/addons/ofxVectorGraphics/libs,
					../../Libs/of_v0.8.4_osx_release/addons/ofxVectorGraphics/src,
				);
				MACOSX_DEPLOYMENT_TARGET = 10.6;
				OTHER_CPLUSPLUSFLAGS = (
					"-D__MACOSX_CORE__",
					"-lpthread",
					"-mtune=native",
				);
				OTHER_LDFLAGS = (
					"$(OF_CORE_LIBS)",
					../../Libs/of_v0.8.4_osx_release/addons/ofxAssimpModelLoader/libs/assimp/lib/osx/assimp.a,
				);
				SDKROOT = macosx;
			};
			name = Release;
		};
		E4B69B600A3A1757003C02F2 /* Debug */ = {
			isa = XCBuildConfiguration;
			buildSettings = {
				COMBINE_HIDPI_IMAGES = YES;
				COPY_PHASE_STRIP = NO;
				FRAMEWORK_SEARCH_PATHS = (
					"$(inherited)",
					"$(FRAMEWORK_SEARCH_PATHS_QUOTED_FOR_TARGET_1)",
				);
				FRAMEWORK_SEARCH_PATHS_QUOTED_FOR_TARGET_1 = "\"$(SRCROOT)/../../Libs/of_v0.8.4_osx_release/libs/glut/lib/osx\"";
				GCC_DYNAMIC_NO_PIC = NO;
				GCC_GENERATE_DEBUGGING_SYMBOLS = YES;
				GCC_MODEL_TUNING = NONE;
				ICON = "$(ICON_NAME_DEBUG)";
				ICON_FILE = "$(ICON_FILE_PATH)$(ICON)";
				INFOPLIST_FILE = "openFrameworks-Info.plist";
				INSTALL_PATH = "$(HOME)/Applications";
				LIBRARY_SEARCH_PATHS = (
					"$(inherited)",
					"$(LIBRARY_SEARCH_PATHS_QUOTED_FOR_TARGET_1)",
					"$(LIBRARY_SEARCH_PATHS_QUOTED_FOR_TARGET_2)",
					"$(LIBRARY_SEARCH_PATHS_QUOTED_FOR_TARGET_3)",
					"$(LIBRARY_SEARCH_PATHS_QUOTED_FOR_TARGET_4)",
					"$(LIBRARY_SEARCH_PATHS_QUOTED_FOR_TARGET_5)",
					"$(LIBRARY_SEARCH_PATHS_QUOTED_FOR_TARGET_6)",
					"$(LIBRARY_SEARCH_PATHS_QUOTED_FOR_TARGET_7)",
					"$(LIBRARY_SEARCH_PATHS_QUOTED_FOR_TARGET_8)",
					"$(LIBRARY_SEARCH_PATHS_QUOTED_FOR_TARGET_9)",
					"$(LIBRARY_SEARCH_PATHS_QUOTED_FOR_TARGET_10)",
					"$(LIBRARY_SEARCH_PATHS_QUOTED_FOR_TARGET_11)",
					"$(LIBRARY_SEARCH_PATHS_QUOTED_FOR_TARGET_12)",
					"$(LIBRARY_SEARCH_PATHS_QUOTED_FOR_TARGET_13)",
					"$(LIBRARY_SEARCH_PATHS_QUOTED_FOR_TARGET_14)",
					"$(LIBRARY_SEARCH_PATHS_QUOTED_FOR_TARGET_15)",
					"$(LIBRARY_SEARCH_PATHS_QUOTED_FOR_TARGET_2)",
					"$(LIBRARY_SEARCH_PATHS_QUOTED_FOR_TARGET_3)",
					"$(LIBRARY_SEARCH_PATHS_QUOTED_FOR_TARGET_7)",
					"$(LIBRARY_SEARCH_PATHS_QUOTED_FOR_TARGET_8)",
					"$(LIBRARY_SEARCH_PATHS_QUOTED_FOR_TARGET_9)",
					"$(LIBRARY_SEARCH_PATHS_QUOTED_FOR_TARGET_10)",
					"$(LIBRARY_SEARCH_PATHS_QUOTED_FOR_TARGET_11)",
					"$(LIBRARY_SEARCH_PATHS_QUOTED_FOR_TARGET_12)",
					"$(LIBRARY_SEARCH_PATHS_QUOTED_FOR_TARGET_13)",
					"$(LIBRARY_SEARCH_PATHS_QUOTED_FOR_TARGET_16)",
					"$(LIBRARY_SEARCH_PATHS_QUOTED_FOR_TARGET_17)",
					"$(LIBRARY_SEARCH_PATHS_QUOTED_FOR_TARGET_18)",
					"$(LIBRARY_SEARCH_PATHS_QUOTED_FOR_TARGET_19)",
					"$(LIBRARY_SEARCH_PATHS_QUOTED_FOR_TARGET_20)",
					"$(LIBRARY_SEARCH_PATHS_QUOTED_FOR_TARGET_21)",
					"$(LIBRARY_SEARCH_PATHS_QUOTED_FOR_TARGET_22)",
					"$(LIBRARY_SEARCH_PATHS_QUOTED_FOR_TARGET_23)",
					"$(LIBRARY_SEARCH_PATHS_QUOTED_FOR_TARGET_24)",
					"$(LIBRARY_SEARCH_PATHS_QUOTED_FOR_TARGET_25)",
					"$(LIBRARY_SEARCH_PATHS_QUOTED_FOR_TARGET_26)",
					"$(LIBRARY_SEARCH_PATHS_QUOTED_FOR_TARGET_27)",
					"$(LIBRARY_SEARCH_PATHS_QUOTED_FOR_TARGET_28)",
					"$(LIBRARY_SEARCH_PATHS_QUOTED_FOR_TARGET_29)",
					"$(LIBRARY_SEARCH_PATHS_QUOTED_FOR_TARGET_30)",
					"$(LIBRARY_SEARCH_PATHS_QUOTED_FOR_TARGET_31)",
					"$(LIBRARY_SEARCH_PATHS_QUOTED_FOR_TARGET_32)",
					"$(LIBRARY_SEARCH_PATHS_QUOTED_FOR_TARGET_33)",
					"$(LIBRARY_SEARCH_PATHS_QUOTED_FOR_TARGET_34)",
					"$(LIBRARY_SEARCH_PATHS_QUOTED_FOR_TARGET_35)",
					"$(LIBRARY_SEARCH_PATHS_QUOTED_FOR_TARGET_36)",
					"$(LIBRARY_SEARCH_PATHS_QUOTED_FOR_TARGET_37)",
					"$(LIBRARY_SEARCH_PATHS_QUOTED_FOR_TARGET_38)",
					"$(LIBRARY_SEARCH_PATHS_QUOTED_FOR_TARGET_39)",
					"$(LIBRARY_SEARCH_PATHS_QUOTED_FOR_TARGET_40)",
					"$(LIBRARY_SEARCH_PATHS_QUOTED_FOR_TARGET_41)",
					"$(LIBRARY_SEARCH_PATHS_QUOTED_FOR_TARGET_42)",
					"$(LIBRARY_SEARCH_PATHS_QUOTED_FOR_TARGET_43)",
					"$(LIBRARY_SEARCH_PATHS_QUOTED_FOR_TARGET_44)",
					"$(LIBRARY_SEARCH_PATHS_QUOTED_FOR_TARGET_45)",
					"$(LIBRARY_SEARCH_PATHS_QUOTED_FOR_TARGET_46)",
					"$(LIBRARY_SEARCH_PATHS_QUOTED_FOR_TARGET_47)",
					"$(LIBRARY_SEARCH_PATHS_QUOTED_FOR_TARGET_48)",
					"$(LIBRARY_SEARCH_PATHS_QUOTED_FOR_TARGET_49)",
					"$(LIBRARY_SEARCH_PATHS_QUOTED_FOR_TARGET_50)",
					"$(LIBRARY_SEARCH_PATHS_QUOTED_FOR_TARGET_51)",
					"$(LIBRARY_SEARCH_PATHS_QUOTED_FOR_TARGET_52)",
					"/Users/bramdeleeuw/Desktop/Code/OSX/Libs/libpcap-0.9.4",
				);
				PRODUCT_NAME = "$(TARGET_NAME)Debug";
				WRAPPER_EXTENSION = app;
			};
			name = Debug;
		};
		E4B69B610A3A1757003C02F2 /* Release */ = {
			isa = XCBuildConfiguration;
			buildSettings = {
				COMBINE_HIDPI_IMAGES = YES;
				COPY_PHASE_STRIP = YES;
				FRAMEWORK_SEARCH_PATHS = (
					"$(inherited)",
					"$(FRAMEWORK_SEARCH_PATHS_QUOTED_FOR_TARGET_1)",
				);
				FRAMEWORK_SEARCH_PATHS_QUOTED_FOR_TARGET_1 = "\"$(SRCROOT)/../../Libs/of_v0.8.4_osx_release/libs/glut/lib/osx\"";
				GCC_GENERATE_DEBUGGING_SYMBOLS = YES;
				GCC_MODEL_TUNING = NONE;
				ICON = "$(ICON_NAME_RELEASE)";
				ICON_FILE = "$(ICON_FILE_PATH)$(ICON)";
				INFOPLIST_FILE = "openFrameworks-Info.plist";
				INSTALL_PATH = "$(HOME)/Applications";
				LIBRARY_SEARCH_PATHS = (
					"$(inherited)",
					"$(LIBRARY_SEARCH_PATHS_QUOTED_FOR_TARGET_1)",
					"$(LIBRARY_SEARCH_PATHS_QUOTED_FOR_TARGET_2)",
					"$(LIBRARY_SEARCH_PATHS_QUOTED_FOR_TARGET_3)",
					"$(LIBRARY_SEARCH_PATHS_QUOTED_FOR_TARGET_4)",
					"$(LIBRARY_SEARCH_PATHS_QUOTED_FOR_TARGET_5)",
					"$(LIBRARY_SEARCH_PATHS_QUOTED_FOR_TARGET_6)",
					"$(LIBRARY_SEARCH_PATHS_QUOTED_FOR_TARGET_7)",
					"$(LIBRARY_SEARCH_PATHS_QUOTED_FOR_TARGET_8)",
					"$(LIBRARY_SEARCH_PATHS_QUOTED_FOR_TARGET_9)",
					"$(LIBRARY_SEARCH_PATHS_QUOTED_FOR_TARGET_10)",
					"$(LIBRARY_SEARCH_PATHS_QUOTED_FOR_TARGET_11)",
					"$(LIBRARY_SEARCH_PATHS_QUOTED_FOR_TARGET_12)",
					"$(LIBRARY_SEARCH_PATHS_QUOTED_FOR_TARGET_13)",
					"$(LIBRARY_SEARCH_PATHS_QUOTED_FOR_TARGET_14)",
					"$(LIBRARY_SEARCH_PATHS_QUOTED_FOR_TARGET_15)",
					"$(LIBRARY_SEARCH_PATHS_QUOTED_FOR_TARGET_2)",
					"$(LIBRARY_SEARCH_PATHS_QUOTED_1)",
					"$(LIBRARY_SEARCH_PATHS_QUOTED_FOR_TARGET_3)",
					"$(LIBRARY_SEARCH_PATHS_QUOTED_FOR_TARGET_7)",
					"$(LIBRARY_SEARCH_PATHS_QUOTED_FOR_TARGET_8)",
					"$(LIBRARY_SEARCH_PATHS_QUOTED_FOR_TARGET_9)",
					"$(LIBRARY_SEARCH_PATHS_QUOTED_FOR_TARGET_10)",
					"$(LIBRARY_SEARCH_PATHS_QUOTED_FOR_TARGET_11)",
					"$(LIBRARY_SEARCH_PATHS_QUOTED_FOR_TARGET_12)",
					"$(LIBRARY_SEARCH_PATHS_QUOTED_FOR_TARGET_13)",
					"$(LIBRARY_SEARCH_PATHS_QUOTED_FOR_TARGET_16)",
					"$(LIBRARY_SEARCH_PATHS_QUOTED_FOR_TARGET_17)",
					"$(LIBRARY_SEARCH_PATHS_QUOTED_FOR_TARGET_18)",
					"$(LIBRARY_SEARCH_PATHS_QUOTED_FOR_TARGET_19)",
					"$(LIBRARY_SEARCH_PATHS_QUOTED_FOR_TARGET_20)",
					"$(LIBRARY_SEARCH_PATHS_QUOTED_FOR_TARGET_21)",
					"$(LIBRARY_SEARCH_PATHS_QUOTED_FOR_TARGET_22)",
					"$(LIBRARY_SEARCH_PATHS_QUOTED_FOR_TARGET_23)",
					"$(LIBRARY_SEARCH_PATHS_QUOTED_FOR_TARGET_24)",
					"$(LIBRARY_SEARCH_PATHS_QUOTED_FOR_TARGET_25)",
					"$(LIBRARY_SEARCH_PATHS_QUOTED_FOR_TARGET_26)",
					"$(LIBRARY_SEARCH_PATHS_QUOTED_FOR_TARGET_27)",
					"$(LIBRARY_SEARCH_PATHS_QUOTED_FOR_TARGET_28)",
					"$(LIBRARY_SEARCH_PATHS_QUOTED_FOR_TARGET_29)",
					"$(LIBRARY_SEARCH_PATHS_QUOTED_FOR_TARGET_30)",
					"$(LIBRARY_SEARCH_PATHS_QUOTED_FOR_TARGET_31)",
					"$(LIBRARY_SEARCH_PATHS_QUOTED_FOR_TARGET_32)",
					"$(LIBRARY_SEARCH_PATHS_QUOTED_FOR_TARGET_33)",
					"$(LIBRARY_SEARCH_PATHS_QUOTED_FOR_TARGET_34)",
					"$(LIBRARY_SEARCH_PATHS_QUOTED_FOR_TARGET_35)",
					"$(LIBRARY_SEARCH_PATHS_QUOTED_FOR_TARGET_36)",
					"$(LIBRARY_SEARCH_PATHS_QUOTED_FOR_TARGET_37)",
					"$(LIBRARY_SEARCH_PATHS_QUOTED_FOR_TARGET_38)",
					"$(LIBRARY_SEARCH_PATHS_QUOTED_FOR_TARGET_39)",
					"$(LIBRARY_SEARCH_PATHS_QUOTED_FOR_TARGET_40)",
					"$(LIBRARY_SEARCH_PATHS_QUOTED_FOR_TARGET_41)",
					"$(LIBRARY_SEARCH_PATHS_QUOTED_FOR_TARGET_42)",
					"$(LIBRARY_SEARCH_PATHS_QUOTED_FOR_TARGET_43)",
					"$(LIBRARY_SEARCH_PATHS_QUOTED_FOR_TARGET_44)",
					"$(LIBRARY_SEARCH_PATHS_QUOTED_FOR_TARGET_45)",
					"$(LIBRARY_SEARCH_PATHS_QUOTED_FOR_TARGET_46)",
					"$(LIBRARY_SEARCH_PATHS_QUOTED_FOR_TARGET_47)",
					"$(LIBRARY_SEARCH_PATHS_QUOTED_FOR_TARGET_48)",
					"$(LIBRARY_SEARCH_PATHS_QUOTED_FOR_TARGET_49)",
					"$(LIBRARY_SEARCH_PATHS_QUOTED_FOR_TARGET_50)",
					"$(LIBRARY_SEARCH_PATHS_QUOTED_FOR_TARGET_51)",
					"/Users/bramdeleeuw/Desktop/Code/OSX/Libs/libpcap-0.9.4",
				);
				PRODUCT_NAME = "$(TARGET_NAME)";
				WRAPPER_EXTENSION = app;
			};
			name = Release;
		};
/* End XCBuildConfiguration section */

/* Begin XCConfigurationList section */
		E4B69B4D0A3A1720003C02F2 /* Build configuration list for PBXProject "D&P - Bram de Leeuw" */ = {
			isa = XCConfigurationList;
			buildConfigurations = (
				E4B69B4E0A3A1720003C02F2 /* Debug */,
				E4B69B4F0A3A1720003C02F2 /* Release */,
			);
			defaultConfigurationIsVisible = 0;
			defaultConfigurationName = Release;
		};
		E4B69B5F0A3A1757003C02F2 /* Build configuration list for PBXNativeTarget "D&P - Bram de Leeuw" */ = {
			isa = XCConfigurationList;
			buildConfigurations = (
				E4B69B600A3A1757003C02F2 /* Debug */,
				E4B69B610A3A1757003C02F2 /* Release */,
			);
			defaultConfigurationIsVisible = 0;
			defaultConfigurationName = Release;
		};
/* End XCConfigurationList section */
	};
	rootObject = E4B69B4C0A3A1720003C02F2 /* Project object */;
}
